PODS:
  - Alamofire (4.5.0)
  - Kingfisher (3.10.3)
  - ProtocolBuffers-Swift (3.0.21)
  - YYCache (1.0.4)
  - YYImage (1.0.4):
    - YYImage/Core (= 1.0.4)
  - YYImage/Core (1.0.4)
  - YYWebImage (1.0.5):
    - YYCache
    - YYImage
  - ZipArchive (1.4.0)

DEPENDENCIES:
  - Alamofire (~> 4.5.0)
  - Kingfisher (~> 3.10.3)
  - ProtocolBuffers-Swift
  - YYWebImage (~> 1.0.5)
  - ZipArchive (~> 1.4.0)

SPEC CHECKSUMS:
  Alamofire: f28cdffd29de33a7bfa022cbd63ae95a27fae140
  Kingfisher: a0ac82dc5bcf0388dd74b294cf2cc13730c63436
  ProtocolBuffers-Swift: ac5454477f06abe9c3991ad702b2eff981b0e6a7
  YYCache: 8105b6638f5e849296c71f331ff83891a4942952
  YYImage: 1e1b62a9997399593e4b9c4ecfbbabbf1d3f3b54
  YYWebImage: 5f7f36aee2ae293f016d418c7d6ba05c4863e928
  ZipArchive: e25a4373192673e3229ac8d6e9f64a3e5713c966

PODFILE CHECKSUM: 4e882507cba5ca89582fa842cc551b8297a75574

COCOAPODS: 1.2.1
