// !$*UTF8*$!
{
	archiveVersion = 1;
	classes = {
	};
	objectVersion = 46;
	objects = {

/* Begin PBXBuildFile section */
		3E4987F7CDAA697B1191E871 /* Pods_clientSocket.framework in Frameworks */ = {isa = PBXBuildFile; fileRef = 39EAA0890542C5E9A575A15D /* Pods_clientSocket.framework */; };
		8E07CB424B84476A34193FCC /* Pods_LiveProject.framework in Frameworks */ = {isa = PBXBuildFile; fileRef = 005E16C739F13FA2F6FCEB9F /* Pods_LiveProject.framework */; };
		9705CA991F55188A00A197BA /* LJRoomController.swift in Sources */ = {isa = PBXBuildFile; fileRef = 9705CA971F55188A00A197BA /* LJRoomController.swift */; };
		9705CA9A1F55188A00A197BA /* LJRoomController.xib in Resources */ = {isa = PBXBuildFile; fileRef = 9705CA981F55188A00A197BA /* LJRoomController.xib */; };
		9705CA9F1F555E5300A197BA /* LJChatContentView.swift in Sources */ = {isa = PBXBuildFile; fileRef = 9705CA9E1F555E5300A197BA /* LJChatContentView.swift */; };
		9705CAA11F55621B00A197BA /* LJChatContentCell.swift in Sources */ = {isa = PBXBuildFile; fileRef = 9705CAA01F55621B00A197BA /* LJChatContentCell.swift */; };
		9705CAA71F5650F400A197BA /* LJGiftListView.swift in Sources */ = {isa = PBXBuildFile; fileRef = 9705CAA61F5650F400A197BA /* LJGiftListView.swift */; };
		9705CAA91F56510500A197BA /* LJGiftListView.xib in Resources */ = {isa = PBXBuildFile; fileRef = 9705CAA81F56510500A197BA /* LJGiftListView.xib */; };
		9705CAAD1F56555000A197BA /* TestSwiftController.swift in Sources */ = {isa = PBXBuildFile; fileRef = 9705CAAB1F56555000A197BA /* TestSwiftController.swift */; };
		9705CAAE1F56555000A197BA /* ViewController.swift in Sources */ = {isa = PBXBuildFile; fileRef = 9705CAAC1F56555000A197BA /* ViewController.swift */; };
		9705CAB01F56557300A197BA /* LJGiftController.swift in Sources */ = {isa = PBXBuildFile; fileRef = 9705CAAF1F56557300A197BA /* LJGiftController.swift */; };
		9705CAB21F56561400A197BA /* Requestable.swift in Sources */ = {isa = PBXBuildFile; fileRef = 9705CAB11F56561400A197BA /* Requestable.swift */; };
		9705CAB51F56562700A197BA /* GiftViewCell.swift in Sources */ = {isa = PBXBuildFile; fileRef = 9705CAB31F56562700A197BA /* GiftViewCell.swift */; };
		9705CAB61F56562700A197BA /* GiftViewCell.xib in Resources */ = {isa = PBXBuildFile; fileRef = 9705CAB41F56562700A197BA /* GiftViewCell.xib */; };
		9705CAB81F56563C00A197BA /* LJGiftViewModel.swift in Sources */ = {isa = PBXBuildFile; fileRef = 9705CAB71F56563C00A197BA /* LJGiftViewModel.swift */; };
		9705CABB1F56564900A197BA /* LJGiftModel.swift in Sources */ = {isa = PBXBuildFile; fileRef = 9705CAB91F56564900A197BA /* LJGiftModel.swift */; };
		9705CABC1F56564900A197BA /* LJGiftPackage.swift in Sources */ = {isa = PBXBuildFile; fileRef = 9705CABA1F56564900A197BA /* LJGiftPackage.swift */; };
		9705CABE1F5668D200A197BA /* LJChatToolsView.swift in Sources */ = {isa = PBXBuildFile; fileRef = 9705CABD1F5668D200A197BA /* LJChatToolsView.swift */; };
		9705CAC01F56692F00A197BA /* LJEmoticonView.swift in Sources */ = {isa = PBXBuildFile; fileRef = 9705CABF1F56692F00A197BA /* LJEmoticonView.swift */; };
		9705CAC21F56695800A197BA /* LJEmoticonViewCell.swift in Sources */ = {isa = PBXBuildFile; fileRef = 9705CAC11F56695800A197BA /* LJEmoticonViewCell.swift */; };
		9705CAC41F568EFF00A197BA /* LJEmoticonModel.swift in Sources */ = {isa = PBXBuildFile; fileRef = 9705CAC31F568EFF00A197BA /* LJEmoticonModel.swift */; };
		9705CAC61F568FC300A197BA /* LJEmoticonPackage.swift in Sources */ = {isa = PBXBuildFile; fileRef = 9705CAC51F568FC300A197BA /* LJEmoticonPackage.swift */; };
		9705CAC81F56906B00A197BA /* LJEmoticonViewModel.swift in Sources */ = {isa = PBXBuildFile; fileRef = 9705CAC71F56906B00A197BA /* LJEmoticonViewModel.swift */; };
		9705CACA1F56B5C300A197BA /* Emitterable.swift in Sources */ = {isa = PBXBuildFile; fileRef = 9705CAC91F56B5C300A197BA /* Emitterable.swift */; };
		971196371F3AB34F005D4FFF /* GiftView.swift in Sources */ = {isa = PBXBuildFile; fileRef = 971196361F3AB34F005D4FFF /* GiftView.swift */; };
		971196391F3AB35E005D4FFF /* GiftView.xib in Resources */ = {isa = PBXBuildFile; fileRef = 971196381F3AB35E005D4FFF /* GiftView.xib */; };
		9711963B1F3AB4CE005D4FFF /* BaseView.swift in Sources */ = {isa = PBXBuildFile; fileRef = 9711963A1F3AB4CE005D4FFF /* BaseView.swift */; };
		9711963F1F3AD5B5005D4FFF /* Person.swift in Sources */ = {isa = PBXBuildFile; fileRef = 9711963E1F3AD5B5005D4FFF /* Person.swift */; };
		971196441F3B3603005D4FFF /* LoginViewController.swift in Sources */ = {isa = PBXBuildFile; fileRef = 971196421F3B3603005D4FFF /* LoginViewController.swift */; };
		971196451F3B3603005D4FFF /* LoginViewController.xib in Resources */ = {isa = PBXBuildFile; fileRef = 971196431F3B3603005D4FFF /* LoginViewController.xib */; };
		972BD6F61F3218BB001C6172 /* types.plist in Resources */ = {isa = PBXBuildFile; fileRef = 972BD6F51F3218BB001C6172 /* types.plist */; };
		972BD6FA1F321A66001C6172 /* BaseModel.swift in Sources */ = {isa = PBXBuildFile; fileRef = 972BD6F91F321A66001C6172 /* BaseModel.swift */; };
		972BD6FC1F321AF0001C6172 /* HomeType.swift in Sources */ = {isa = PBXBuildFile; fileRef = 972BD6FB1F321AF0001C6172 /* HomeType.swift */; };
		972BD6FE1F321D16001C6172 /* const.swift in Sources */ = {isa = PBXBuildFile; fileRef = 972BD6FD1F321D16001C6172 /* const.swift */; };
		972BD7001F3222BD001C6172 /* LJAnchorController.swift in Sources */ = {isa = PBXBuildFile; fileRef = 972BD6FF1F3222BD001C6172 /* LJAnchorController.swift */; };
		972BD7021F32263A001C6172 /* LJHomeController.swift in Sources */ = {isa = PBXBuildFile; fileRef = 972BD7011F32263A001C6172 /* LJHomeController.swift */; };
		972BD7061F3226BA001C6172 /* AppDelegate.swift in Sources */ = {isa = PBXBuildFile; fileRef = 972BD7031F3226BA001C6172 /* AppDelegate.swift */; };
		972BD7071F3226BA001C6172 /* LJNavigationCotroller.swift in Sources */ = {isa = PBXBuildFile; fileRef = 972BD7041F3226BA001C6172 /* LJNavigationCotroller.swift */; };
		972BD7081F3226BA001C6172 /* LJTabBarController.swift in Sources */ = {isa = PBXBuildFile; fileRef = 972BD7051F3226BA001C6172 /* LJTabBarController.swift */; };
		972BD70B1F3226C9001C6172 /* UIColor-Extension.swift in Sources */ = {isa = PBXBuildFile; fileRef = 972BD70A1F3226C9001C6172 /* UIColor-Extension.swift */; };
		972BD70E1F3226D2001C6172 /* LJDiscoveryController.swift in Sources */ = {isa = PBXBuildFile; fileRef = 972BD70D1F3226D2001C6172 /* LJDiscoveryController.swift */; };
		972BD7111F3226E6001C6172 /* LJMineController.swift in Sources */ = {isa = PBXBuildFile; fileRef = 972BD7101F3226E6001C6172 /* LJMineController.swift */; };
		972BD7141F3226F0001C6172 /* LJRankController.swift in Sources */ = {isa = PBXBuildFile; fileRef = 972BD7131F3226F0001C6172 /* LJRankController.swift */; };
		972E1FC01F56B93D0029876E /* NibLoadable.swift in Sources */ = {isa = PBXBuildFile; fileRef = 972E1FBF1F56B93D0029876E /* NibLoadable.swift */; };
		972E1FCA1F57E3CF0029876E /* IMMessage.proto in Resources */ = {isa = PBXBuildFile; fileRef = 972E1FC11F57E3CF0029876E /* IMMessage.proto */; };
		972E1FCB1F57E3CF0029876E /* Immessage.proto.swift in Sources */ = {isa = PBXBuildFile; fileRef = 972E1FC21F57E3CF0029876E /* Immessage.proto.swift */; };
		972E1FCC1F57E3CF0029876E /* LJSocket.swift in Sources */ = {isa = PBXBuildFile; fileRef = 972E1FC31F57E3CF0029876E /* LJSocket.swift */; };
		972E1FCD1F57E3CF0029876E /* ysocket.swift in Sources */ = {isa = PBXBuildFile; fileRef = 972E1FC51F57E3CF0029876E /* ysocket.swift */; };
		972E1FCE1F57E3CF0029876E /* ytcpsocket.c in Sources */ = {isa = PBXBuildFile; fileRef = 972E1FC61F57E3CF0029876E /* ytcpsocket.c */; };
		972E1FCF1F57E3CF0029876E /* ytcpsocket.swift in Sources */ = {isa = PBXBuildFile; fileRef = 972E1FC71F57E3CF0029876E /* ytcpsocket.swift */; };
		972E1FD01F57E3CF0029876E /* yudpsocket.c in Sources */ = {isa = PBXBuildFile; fileRef = 972E1FC81F57E3CF0029876E /* yudpsocket.c */; };
		972E1FD11F57E3CF0029876E /* yudpsocket.swift in Sources */ = {isa = PBXBuildFile; fileRef = 972E1FC91F57E3CF0029876E /* yudpsocket.swift */; };
		972E1FE91F5ACC1C0029876E /* LJGiftChannelView.swift in Sources */ = {isa = PBXBuildFile; fileRef = 972E1FE81F5ACC1C0029876E /* LJGiftChannelView.swift */; };
		972E1FEB1F5ACC390029876E /* LJDigitLabel.swift in Sources */ = {isa = PBXBuildFile; fileRef = 972E1FEA1F5ACC390029876E /* LJDigitLabel.swift */; };
		972E1FEF1F5ACC9F0029876E /* LJGiftContainerView.swift in Sources */ = {isa = PBXBuildFile; fileRef = 972E1FEE1F5ACC9F0029876E /* LJGiftContainerView.swift */; };
		972E1FF11F5C246B0029876E /* LJGiftChannelView.xib in Resources */ = {isa = PBXBuildFile; fileRef = 972E1FF01F5C246B0029876E /* LJGiftChannelView.xib */; };
		9732B04E1F3C292700C26CCE /* Shakeable.swift in Sources */ = {isa = PBXBuildFile; fileRef = 9732B04D1F3C292700C26CCE /* Shakeable.swift */; };
		9732B0501F3C2CD500C26CCE /* Flashable.swift in Sources */ = {isa = PBXBuildFile; fileRef = 9732B04F1F3C2CD500C26CCE /* Flashable.swift */; };
		9747D0CC1F53A216009CFB21 /* LJGifImageManager.swift in Sources */ = {isa = PBXBuildFile; fileRef = 9747D0CB1F53A216009CFB21 /* LJGifImageManager.swift */; };
		9747D0CE1F53A557009CFB21 /* timg.gif in Resources */ = {isa = PBXBuildFile; fileRef = 9747D0CD1F53A557009CFB21 /* timg.gif */; };
		9747D0D61F53C0FF009CFB21 /* AppDelegate.swift in Sources */ = {isa = PBXBuildFile; fileRef = 9747D0D51F53C0FF009CFB21 /* AppDelegate.swift */; };
		9747D0D81F53C0FF009CFB21 /* ViewController.swift in Sources */ = {isa = PBXBuildFile; fileRef = 9747D0D71F53C0FF009CFB21 /* ViewController.swift */; };
		9747D0DA1F53C0FF009CFB21 /* Assets.xcassets in Resources */ = {isa = PBXBuildFile; fileRef = 9747D0D91F53C0FF009CFB21 /* Assets.xcassets */; };
		9747D0DD1F53C0FF009CFB21 /* Main.storyboard in Resources */ = {isa = PBXBuildFile; fileRef = 9747D0DB1F53C0FF009CFB21 /* Main.storyboard */; };
		9747D10C1F53E4A3009CFB21 /* ysocket.swift in Sources */ = {isa = PBXBuildFile; fileRef = 9747D1071F53E4A3009CFB21 /* ysocket.swift */; };
		9747D10D1F53E4A3009CFB21 /* ytcpsocket.c in Sources */ = {isa = PBXBuildFile; fileRef = 9747D1081F53E4A3009CFB21 /* ytcpsocket.c */; };
		9747D10E1F53E4A3009CFB21 /* ytcpsocket.swift in Sources */ = {isa = PBXBuildFile; fileRef = 9747D1091F53E4A3009CFB21 /* ytcpsocket.swift */; };
		9747D10F1F53E4A3009CFB21 /* yudpsocket.c in Sources */ = {isa = PBXBuildFile; fileRef = 9747D10A1F53E4A3009CFB21 /* yudpsocket.c */; };
		9747D1101F53E4A3009CFB21 /* yudpsocket.swift in Sources */ = {isa = PBXBuildFile; fileRef = 9747D10B1F53E4A3009CFB21 /* yudpsocket.swift */; };
		9747D1121F53E5D3009CFB21 /* LJSocketManager.swift in Sources */ = {isa = PBXBuildFile; fileRef = 9747D1111F53E5D3009CFB21 /* LJSocketManager.swift */; };
		9747D1141F53E897009CFB21 /* LJClientManager.swift in Sources */ = {isa = PBXBuildFile; fileRef = 9747D1131F53E897009CFB21 /* LJClientManager.swift */; };
		9747D11C1F53FF5B009CFB21 /* AppDelegate.swift in Sources */ = {isa = PBXBuildFile; fileRef = 9747D11B1F53FF5B009CFB21 /* AppDelegate.swift */; };
		9747D1211F53FF5B009CFB21 /* Main.storyboard in Resources */ = {isa = PBXBuildFile; fileRef = 9747D11F1F53FF5B009CFB21 /* Main.storyboard */; };
		9747D1231F53FF5B009CFB21 /* Assets.xcassets in Resources */ = {isa = PBXBuildFile; fileRef = 9747D1221F53FF5B009CFB21 /* Assets.xcassets */; };
		9747D1261F53FF5B009CFB21 /* LaunchScreen.storyboard in Resources */ = {isa = PBXBuildFile; fileRef = 9747D1241F53FF5B009CFB21 /* LaunchScreen.storyboard */; };
		9747D1321F53FFD8009CFB21 /* ysocket.swift in Sources */ = {isa = PBXBuildFile; fileRef = 9747D12D1F53FFD8009CFB21 /* ysocket.swift */; };
		9747D1331F53FFD8009CFB21 /* ytcpsocket.c in Sources */ = {isa = PBXBuildFile; fileRef = 9747D12E1F53FFD8009CFB21 /* ytcpsocket.c */; };
		9747D1341F53FFD8009CFB21 /* ytcpsocket.swift in Sources */ = {isa = PBXBuildFile; fileRef = 9747D12F1F53FFD8009CFB21 /* ytcpsocket.swift */; };
		9747D1351F53FFD8009CFB21 /* yudpsocket.c in Sources */ = {isa = PBXBuildFile; fileRef = 9747D1301F53FFD8009CFB21 /* yudpsocket.c */; };
		9747D1361F53FFD8009CFB21 /* yudpsocket.swift in Sources */ = {isa = PBXBuildFile; fileRef = 9747D1311F53FFD8009CFB21 /* yudpsocket.swift */; };
		9747D1381F540006009CFB21 /* LJSocket.swift in Sources */ = {isa = PBXBuildFile; fileRef = 9747D1371F540006009CFB21 /* LJSocket.swift */; };
		9747D13C1F540580009CFB21 /* IMMessage.proto in Resources */ = {isa = PBXBuildFile; fileRef = 9747D13A1F540580009CFB21 /* IMMessage.proto */; };
		9747D13F1F54181B009CFB21 /* Immessage.proto.swift in Sources */ = {isa = PBXBuildFile; fileRef = 9747D13E1F54181B009CFB21 /* Immessage.proto.swift */; };
		975F293C1F3867D90049B848 /* EmoticonView.swift in Sources */ = {isa = PBXBuildFile; fileRef = 975F293B1F3867D90049B848 /* EmoticonView.swift */; };
		975F293E1F3867FA0049B848 /* EmoticonView.xib in Resources */ = {isa = PBXBuildFile; fileRef = 975F293D1F3867FA0049B848 /* EmoticonView.xib */; };
		976736B41F55017400BE0A05 /* ViewController.swift in Sources */ = {isa = PBXBuildFile; fileRef = 976736B31F55017400BE0A05 /* ViewController.swift */; };
		978F90A51F271EF9002624BE /* Main.storyboard in Resources */ = {isa = PBXBuildFile; fileRef = 978F90A31F271EF9002624BE /* Main.storyboard */; };
		978F90A71F271EF9002624BE /* Assets.xcassets in Resources */ = {isa = PBXBuildFile; fileRef = 978F90A61F271EF9002624BE /* Assets.xcassets */; };
		978F90AA1F271EF9002624BE /* LaunchScreen.storyboard in Resources */ = {isa = PBXBuildFile; fileRef = 978F90A81F271EF9002624BE /* LaunchScreen.storyboard */; };
		978F90D91F2732A8002624BE /* LJPageView.swift in Sources */ = {isa = PBXBuildFile; fileRef = 978F90D81F2732A8002624BE /* LJPageView.swift */; };
		978F90DD1F2732FA002624BE /* LJTitleView.swift in Sources */ = {isa = PBXBuildFile; fileRef = 978F90DC1F2732FA002624BE /* LJTitleView.swift */; };
		978F90DF1F273319002624BE /* LJContentView.swift in Sources */ = {isa = PBXBuildFile; fileRef = 978F90DE1F273319002624BE /* LJContentView.swift */; };
		978F90E11F273614002624BE /* LJPageStyle.swift in Sources */ = {isa = PBXBuildFile; fileRef = 978F90E01F273614002624BE /* LJPageStyle.swift */; };
		97C679A01F4FCE110045CB59 /* LJAttributeStringGenerator.swift in Sources */ = {isa = PBXBuildFile; fileRef = 97C6799F1F4FCE110045CB59 /* LJAttributeStringGenerator.swift */; };
		97C679A31F4FF53F0045CB59 /* QHNormalEmotionSort.plist in Resources */ = {isa = PBXBuildFile; fileRef = 97C679A11F4FF53F0045CB59 /* QHNormalEmotionSort.plist */; };
		97C679A41F4FF53F0045CB59 /* QHSohuGifSort.plist in Resources */ = {isa = PBXBuildFile; fileRef = 97C679A21F4FF53F0045CB59 /* QHSohuGifSort.plist */; };
		97C8FA4A1F32C02D008025BC /* LJHomeViewModel.swift in Sources */ = {isa = PBXBuildFile; fileRef = 97C8FA491F32C02D008025BC /* LJHomeViewModel.swift */; };
		97C8FA4C1F32C0F0008025BC /* AnchorModel.swift in Sources */ = {isa = PBXBuildFile; fileRef = 97C8FA4B1F32C0F0008025BC /* AnchorModel.swift */; };
		97C8FA4F1F32C6C3008025BC /* LJNetWorkManager.swift in Sources */ = {isa = PBXBuildFile; fileRef = 97C8FA4E1F32C6C3008025BC /* LJNetWorkManager.swift */; };
		97C8FA531F32F1FB008025BC /* HomeViewCell.swift in Sources */ = {isa = PBXBuildFile; fileRef = 97C8FA521F32F1FB008025BC /* HomeViewCell.swift */; };
		97C8FA551F33001E008025BC /* UIImageView-Extension.swift in Sources */ = {isa = PBXBuildFile; fileRef = 97C8FA541F33001E008025BC /* UIImageView-Extension.swift */; };
		97C8FA591F340093008025BC /* LJPageCollectionView.swift in Sources */ = {isa = PBXBuildFile; fileRef = 97C8FA581F340093008025BC /* LJPageCollectionView.swift */; };
		97C8FA5B1F34201A008025BC /* LJPageCollectionLayout.swift in Sources */ = {isa = PBXBuildFile; fileRef = 97C8FA5A1F34201A008025BC /* LJPageCollectionLayout.swift */; };
		97CC22D31F62669D0066CF9B /* LJGiftAnimationModel.swift in Sources */ = {isa = PBXBuildFile; fileRef = 97CC22D21F62669D0066CF9B /* LJGiftAnimationModel.swift */; };
		97E639AF1F2AE0F9007D34DF /* LJWaterFallLayout.swift in Sources */ = {isa = PBXBuildFile; fileRef = 97E639AE1F2AE0F9007D34DF /* LJWaterFallLayout.swift */; };
		EC2C24AF1F9F1FB300605058 /* LJSettingsViewController.swift in Sources */ = {isa = PBXBuildFile; fileRef = EC2C24AE1F9F1FB300605058 /* LJSettingsViewController.swift */; };
		EC6D783E1F9EDCD6001F6513 /* LJBaseMineController.swift in Sources */ = {isa = PBXBuildFile; fileRef = EC6D783D1F9EDCD6001F6513 /* LJBaseMineController.swift */; };
		EC6D78411F9EDF6E001F6513 /* LJMineCell.swift in Sources */ = {isa = PBXBuildFile; fileRef = EC6D783F1F9EDF6E001F6513 /* LJMineCell.swift */; };
		EC6D78421F9EDF6E001F6513 /* LJMineCell.xib in Resources */ = {isa = PBXBuildFile; fileRef = EC6D78401F9EDF6E001F6513 /* LJMineCell.xib */; };
		EC6D78441F9EEA58001F6513 /* LJMineHeaderView.swift in Sources */ = {isa = PBXBuildFile; fileRef = EC6D78431F9EEA58001F6513 /* LJMineHeaderView.swift */; };
		EC6D78461F9EEA67001F6513 /* LJMineHeaderView.xib in Resources */ = {isa = PBXBuildFile; fileRef = EC6D78451F9EEA67001F6513 /* LJMineHeaderView.xib */; };
		EC6D78481F9F0C23001F6513 /* LJSettingsSectionModel.swift in Sources */ = {isa = PBXBuildFile; fileRef = EC6D78471F9F0C23001F6513 /* LJSettingsSectionModel.swift */; };
		EC6D784A1F9F0C4E001F6513 /* LJSettingsItemModel.swift in Sources */ = {isa = PBXBuildFile; fileRef = EC6D78491F9F0C4E001F6513 /* LJSettingsItemModel.swift */; };
/* End PBXBuildFile section */

/* Begin PBXFileReference section */
		005E16C739F13FA2F6FCEB9F /* Pods_LiveProject.framework */ = {isa = PBXFileReference; explicitFileType = wrapper.framework; includeInIndex = 0; path = Pods_LiveProject.framework; sourceTree = BUILT_PRODUCTS_DIR; };
		39EAA0890542C5E9A575A15D /* Pods_clientSocket.framework */ = {isa = PBXFileReference; explicitFileType = wrapper.framework; includeInIndex = 0; path = Pods_clientSocket.framework; sourceTree = BUILT_PRODUCTS_DIR; };
		41BC208B8661AFC62651B31A /* Pods-LiveProject.release.xcconfig */ = {isa = PBXFileReference; includeInIndex = 1; lastKnownFileType = text.xcconfig; name = "Pods-LiveProject.release.xcconfig"; path = "Pods/Target Support Files/Pods-LiveProject/Pods-LiveProject.release.xcconfig"; sourceTree = "<group>"; };
		6C459D136A2B0A2D329AB93E /* Pods-LiveProject.debug.xcconfig */ = {isa = PBXFileReference; includeInIndex = 1; lastKnownFileType = text.xcconfig; name = "Pods-LiveProject.debug.xcconfig"; path = "Pods/Target Support Files/Pods-LiveProject/Pods-LiveProject.debug.xcconfig"; sourceTree = "<group>"; };
		7B85A0DBBECA7B42622A87E2 /* Pods-clientSocket.debug.xcconfig */ = {isa = PBXFileReference; includeInIndex = 1; lastKnownFileType = text.xcconfig; name = "Pods-clientSocket.debug.xcconfig"; path = "Pods/Target Support Files/Pods-clientSocket/Pods-clientSocket.debug.xcconfig"; sourceTree = "<group>"; };
		9705CA971F55188A00A197BA /* LJRoomController.swift */ = {isa = PBXFileReference; fileEncoding = 4; lastKnownFileType = sourcecode.swift; path = LJRoomController.swift; sourceTree = "<group>"; };
		9705CA981F55188A00A197BA /* LJRoomController.xib */ = {isa = PBXFileReference; fileEncoding = 4; lastKnownFileType = file.xib; path = LJRoomController.xib; sourceTree = "<group>"; };
		9705CA9E1F555E5300A197BA /* LJChatContentView.swift */ = {isa = PBXFileReference; fileEncoding = 4; lastKnownFileType = sourcecode.swift; path = LJChatContentView.swift; sourceTree = "<group>"; };
		9705CAA01F55621B00A197BA /* LJChatContentCell.swift */ = {isa = PBXFileReference; fileEncoding = 4; lastKnownFileType = sourcecode.swift; path = LJChatContentCell.swift; sourceTree = "<group>"; };
		9705CAA61F5650F400A197BA /* LJGiftListView.swift */ = {isa = PBXFileReference; fileEncoding = 4; lastKnownFileType = sourcecode.swift; path = LJGiftListView.swift; sourceTree = "<group>"; };
		9705CAA81F56510500A197BA /* LJGiftListView.xib */ = {isa = PBXFileReference; fileEncoding = 4; lastKnownFileType = file.xib; path = LJGiftListView.xib; sourceTree = "<group>"; };
		9705CAAB1F56555000A197BA /* TestSwiftController.swift */ = {isa = PBXFileReference; fileEncoding = 4; lastKnownFileType = sourcecode.swift; path = TestSwiftController.swift; sourceTree = "<group>"; };
		9705CAAC1F56555000A197BA /* ViewController.swift */ = {isa = PBXFileReference; fileEncoding = 4; lastKnownFileType = sourcecode.swift; path = ViewController.swift; sourceTree = "<group>"; };
		9705CAAF1F56557300A197BA /* LJGiftController.swift */ = {isa = PBXFileReference; fileEncoding = 4; lastKnownFileType = sourcecode.swift; path = LJGiftController.swift; sourceTree = "<group>"; };
		9705CAB11F56561400A197BA /* Requestable.swift */ = {isa = PBXFileReference; fileEncoding = 4; lastKnownFileType = sourcecode.swift; path = Requestable.swift; sourceTree = "<group>"; };
		9705CAB31F56562700A197BA /* GiftViewCell.swift */ = {isa = PBXFileReference; fileEncoding = 4; lastKnownFileType = sourcecode.swift; path = GiftViewCell.swift; sourceTree = "<group>"; };
		9705CAB41F56562700A197BA /* GiftViewCell.xib */ = {isa = PBXFileReference; fileEncoding = 4; lastKnownFileType = file.xib; path = GiftViewCell.xib; sourceTree = "<group>"; };
		9705CAB71F56563C00A197BA /* LJGiftViewModel.swift */ = {isa = PBXFileReference; fileEncoding = 4; lastKnownFileType = sourcecode.swift; path = LJGiftViewModel.swift; sourceTree = "<group>"; };
		9705CAB91F56564900A197BA /* LJGiftModel.swift */ = {isa = PBXFileReference; fileEncoding = 4; lastKnownFileType = sourcecode.swift; path = LJGiftModel.swift; sourceTree = "<group>"; };
		9705CABA1F56564900A197BA /* LJGiftPackage.swift */ = {isa = PBXFileReference; fileEncoding = 4; lastKnownFileType = sourcecode.swift; path = LJGiftPackage.swift; sourceTree = "<group>"; };
		9705CABD1F5668D200A197BA /* LJChatToolsView.swift */ = {isa = PBXFileReference; fileEncoding = 4; lastKnownFileType = sourcecode.swift; path = LJChatToolsView.swift; sourceTree = "<group>"; };
		9705CABF1F56692F00A197BA /* LJEmoticonView.swift */ = {isa = PBXFileReference; fileEncoding = 4; lastKnownFileType = sourcecode.swift; path = LJEmoticonView.swift; sourceTree = "<group>"; };
		9705CAC11F56695800A197BA /* LJEmoticonViewCell.swift */ = {isa = PBXFileReference; fileEncoding = 4; lastKnownFileType = sourcecode.swift; path = LJEmoticonViewCell.swift; sourceTree = "<group>"; };
		9705CAC31F568EFF00A197BA /* LJEmoticonModel.swift */ = {isa = PBXFileReference; fileEncoding = 4; lastKnownFileType = sourcecode.swift; path = LJEmoticonModel.swift; sourceTree = "<group>"; };
		9705CAC51F568FC300A197BA /* LJEmoticonPackage.swift */ = {isa = PBXFileReference; fileEncoding = 4; lastKnownFileType = sourcecode.swift; path = LJEmoticonPackage.swift; sourceTree = "<group>"; };
		9705CAC71F56906B00A197BA /* LJEmoticonViewModel.swift */ = {isa = PBXFileReference; fileEncoding = 4; lastKnownFileType = sourcecode.swift; path = LJEmoticonViewModel.swift; sourceTree = "<group>"; };
		9705CAC91F56B5C300A197BA /* Emitterable.swift */ = {isa = PBXFileReference; fileEncoding = 4; lastKnownFileType = sourcecode.swift; path = Emitterable.swift; sourceTree = "<group>"; };
		971196361F3AB34F005D4FFF /* GiftView.swift */ = {isa = PBXFileReference; fileEncoding = 4; lastKnownFileType = sourcecode.swift; path = GiftView.swift; sourceTree = "<group>"; };
		971196381F3AB35E005D4FFF /* GiftView.xib */ = {isa = PBXFileReference; fileEncoding = 4; lastKnownFileType = file.xib; path = GiftView.xib; sourceTree = "<group>"; };
		9711963A1F3AB4CE005D4FFF /* BaseView.swift */ = {isa = PBXFileReference; fileEncoding = 4; lastKnownFileType = sourcecode.swift; path = BaseView.swift; sourceTree = "<group>"; };
		9711963E1F3AD5B5005D4FFF /* Person.swift */ = {isa = PBXFileReference; fileEncoding = 4; lastKnownFileType = sourcecode.swift; path = Person.swift; sourceTree = "<group>"; };
		971196421F3B3603005D4FFF /* LoginViewController.swift */ = {isa = PBXFileReference; fileEncoding = 4; lastKnownFileType = sourcecode.swift; path = LoginViewController.swift; sourceTree = "<group>"; };
		971196431F3B3603005D4FFF /* LoginViewController.xib */ = {isa = PBXFileReference; fileEncoding = 4; lastKnownFileType = file.xib; path = LoginViewController.xib; sourceTree = "<group>"; };
		972BD6F51F3218BB001C6172 /* types.plist */ = {isa = PBXFileReference; fileEncoding = 4; lastKnownFileType = text.plist.xml; path = types.plist; sourceTree = "<group>"; };
		972BD6F91F321A66001C6172 /* BaseModel.swift */ = {isa = PBXFileReference; fileEncoding = 4; lastKnownFileType = sourcecode.swift; path = BaseModel.swift; sourceTree = "<group>"; };
		972BD6FB1F321AF0001C6172 /* HomeType.swift */ = {isa = PBXFileReference; fileEncoding = 4; lastKnownFileType = sourcecode.swift; name = HomeType.swift; path = ../HomeType.swift; sourceTree = "<group>"; };
		972BD6FD1F321D16001C6172 /* const.swift */ = {isa = PBXFileReference; fileEncoding = 4; lastKnownFileType = sourcecode.swift; path = const.swift; sourceTree = "<group>"; };
		972BD6FF1F3222BD001C6172 /* LJAnchorController.swift */ = {isa = PBXFileReference; fileEncoding = 4; lastKnownFileType = sourcecode.swift; path = LJAnchorController.swift; sourceTree = "<group>"; };
		972BD7011F32263A001C6172 /* LJHomeController.swift */ = {isa = PBXFileReference; fileEncoding = 4; lastKnownFileType = sourcecode.swift; path = LJHomeController.swift; sourceTree = "<group>"; };
		972BD7031F3226BA001C6172 /* AppDelegate.swift */ = {isa = PBXFileReference; fileEncoding = 4; lastKnownFileType = sourcecode.swift; path = AppDelegate.swift; sourceTree = "<group>"; };
		972BD7041F3226BA001C6172 /* LJNavigationCotroller.swift */ = {isa = PBXFileReference; fileEncoding = 4; lastKnownFileType = sourcecode.swift; path = LJNavigationCotroller.swift; sourceTree = "<group>"; };
		972BD7051F3226BA001C6172 /* LJTabBarController.swift */ = {isa = PBXFileReference; fileEncoding = 4; lastKnownFileType = sourcecode.swift; path = LJTabBarController.swift; sourceTree = "<group>"; };
		972BD70A1F3226C9001C6172 /* UIColor-Extension.swift */ = {isa = PBXFileReference; fileEncoding = 4; lastKnownFileType = sourcecode.swift; path = "UIColor-Extension.swift"; sourceTree = "<group>"; };
		972BD70D1F3226D2001C6172 /* LJDiscoveryController.swift */ = {isa = PBXFileReference; fileEncoding = 4; lastKnownFileType = sourcecode.swift; path = LJDiscoveryController.swift; sourceTree = "<group>"; };
		972BD7101F3226E6001C6172 /* LJMineController.swift */ = {isa = PBXFileReference; fileEncoding = 4; lastKnownFileType = sourcecode.swift; path = LJMineController.swift; sourceTree = "<group>"; };
		972BD7131F3226F0001C6172 /* LJRankController.swift */ = {isa = PBXFileReference; fileEncoding = 4; lastKnownFileType = sourcecode.swift; path = LJRankController.swift; sourceTree = "<group>"; };
		972E1FBF1F56B93D0029876E /* NibLoadable.swift */ = {isa = PBXFileReference; fileEncoding = 4; lastKnownFileType = sourcecode.swift; path = NibLoadable.swift; sourceTree = "<group>"; };
		972E1FC11F57E3CF0029876E /* IMMessage.proto */ = {isa = PBXFileReference; fileEncoding = 4; lastKnownFileType = text; path = IMMessage.proto; sourceTree = "<group>"; };
		972E1FC21F57E3CF0029876E /* Immessage.proto.swift */ = {isa = PBXFileReference; fileEncoding = 4; lastKnownFileType = sourcecode.swift; path = Immessage.proto.swift; sourceTree = "<group>"; };
		972E1FC31F57E3CF0029876E /* LJSocket.swift */ = {isa = PBXFileReference; fileEncoding = 4; lastKnownFileType = sourcecode.swift; path = LJSocket.swift; sourceTree = "<group>"; };
		972E1FC51F57E3CF0029876E /* ysocket.swift */ = {isa = PBXFileReference; fileEncoding = 4; lastKnownFileType = sourcecode.swift; path = ysocket.swift; sourceTree = "<group>"; };
		972E1FC61F57E3CF0029876E /* ytcpsocket.c */ = {isa = PBXFileReference; fileEncoding = 4; lastKnownFileType = sourcecode.c.c; path = ytcpsocket.c; sourceTree = "<group>"; };
		972E1FC71F57E3CF0029876E /* ytcpsocket.swift */ = {isa = PBXFileReference; fileEncoding = 4; lastKnownFileType = sourcecode.swift; path = ytcpsocket.swift; sourceTree = "<group>"; };
		972E1FC81F57E3CF0029876E /* yudpsocket.c */ = {isa = PBXFileReference; fileEncoding = 4; lastKnownFileType = sourcecode.c.c; path = yudpsocket.c; sourceTree = "<group>"; };
		972E1FC91F57E3CF0029876E /* yudpsocket.swift */ = {isa = PBXFileReference; fileEncoding = 4; lastKnownFileType = sourcecode.swift; path = yudpsocket.swift; sourceTree = "<group>"; };
		972E1FE81F5ACC1C0029876E /* LJGiftChannelView.swift */ = {isa = PBXFileReference; fileEncoding = 4; lastKnownFileType = sourcecode.swift; path = LJGiftChannelView.swift; sourceTree = "<group>"; };
		972E1FEA1F5ACC390029876E /* LJDigitLabel.swift */ = {isa = PBXFileReference; fileEncoding = 4; lastKnownFileType = sourcecode.swift; path = LJDigitLabel.swift; sourceTree = "<group>"; };
		972E1FEE1F5ACC9F0029876E /* LJGiftContainerView.swift */ = {isa = PBXFileReference; fileEncoding = 4; lastKnownFileType = sourcecode.swift; path = LJGiftContainerView.swift; sourceTree = "<group>"; };
		972E1FF01F5C246B0029876E /* LJGiftChannelView.xib */ = {isa = PBXFileReference; fileEncoding = 4; lastKnownFileType = file.xib; path = LJGiftChannelView.xib; sourceTree = "<group>"; };
		9732B04D1F3C292700C26CCE /* Shakeable.swift */ = {isa = PBXFileReference; fileEncoding = 4; lastKnownFileType = sourcecode.swift; path = Shakeable.swift; sourceTree = "<group>"; };
		9732B04F1F3C2CD500C26CCE /* Flashable.swift */ = {isa = PBXFileReference; fileEncoding = 4; lastKnownFileType = sourcecode.swift; path = Flashable.swift; sourceTree = "<group>"; };
		9747D0CB1F53A216009CFB21 /* LJGifImageManager.swift */ = {isa = PBXFileReference; fileEncoding = 4; lastKnownFileType = sourcecode.swift; path = LJGifImageManager.swift; sourceTree = "<group>"; };
		9747D0CD1F53A557009CFB21 /* timg.gif */ = {isa = PBXFileReference; lastKnownFileType = image.gif; path = timg.gif; sourceTree = "<group>"; };
		9747D0D31F53C0FE009CFB21 /* macSocket.app */ = {isa = PBXFileReference; explicitFileType = wrapper.application; includeInIndex = 0; path = macSocket.app; sourceTree = BUILT_PRODUCTS_DIR; };
		9747D0D51F53C0FF009CFB21 /* AppDelegate.swift */ = {isa = PBXFileReference; lastKnownFileType = sourcecode.swift; path = AppDelegate.swift; sourceTree = "<group>"; };
		9747D0D71F53C0FF009CFB21 /* ViewController.swift */ = {isa = PBXFileReference; lastKnownFileType = sourcecode.swift; path = ViewController.swift; sourceTree = "<group>"; };
		9747D0D91F53C0FF009CFB21 /* Assets.xcassets */ = {isa = PBXFileReference; lastKnownFileType = folder.assetcatalog; path = Assets.xcassets; sourceTree = "<group>"; };
		9747D0DC1F53C0FF009CFB21 /* Base */ = {isa = PBXFileReference; lastKnownFileType = file.storyboard; name = Base; path = Base.lproj/Main.storyboard; sourceTree = "<group>"; };
		9747D0DE1F53C0FF009CFB21 /* Info.plist */ = {isa = PBXFileReference; lastKnownFileType = text.plist.xml; path = Info.plist; sourceTree = "<group>"; };
		9747D1071F53E4A3009CFB21 /* ysocket.swift */ = {isa = PBXFileReference; fileEncoding = 4; lastKnownFileType = sourcecode.swift; path = ysocket.swift; sourceTree = "<group>"; };
		9747D1081F53E4A3009CFB21 /* ytcpsocket.c */ = {isa = PBXFileReference; fileEncoding = 4; lastKnownFileType = sourcecode.c.c; path = ytcpsocket.c; sourceTree = "<group>"; };
		9747D1091F53E4A3009CFB21 /* ytcpsocket.swift */ = {isa = PBXFileReference; fileEncoding = 4; lastKnownFileType = sourcecode.swift; path = ytcpsocket.swift; sourceTree = "<group>"; };
		9747D10A1F53E4A3009CFB21 /* yudpsocket.c */ = {isa = PBXFileReference; fileEncoding = 4; lastKnownFileType = sourcecode.c.c; path = yudpsocket.c; sourceTree = "<group>"; };
		9747D10B1F53E4A3009CFB21 /* yudpsocket.swift */ = {isa = PBXFileReference; fileEncoding = 4; lastKnownFileType = sourcecode.swift; path = yudpsocket.swift; sourceTree = "<group>"; };
		9747D1111F53E5D3009CFB21 /* LJSocketManager.swift */ = {isa = PBXFileReference; fileEncoding = 4; lastKnownFileType = sourcecode.swift; path = LJSocketManager.swift; sourceTree = "<group>"; };
		9747D1131F53E897009CFB21 /* LJClientManager.swift */ = {isa = PBXFileReference; fileEncoding = 4; lastKnownFileType = sourcecode.swift; path = LJClientManager.swift; sourceTree = "<group>"; };
		9747D1191F53FF5B009CFB21 /* clientSocket.app */ = {isa = PBXFileReference; explicitFileType = wrapper.application; includeInIndex = 0; path = clientSocket.app; sourceTree = BUILT_PRODUCTS_DIR; };
		9747D11B1F53FF5B009CFB21 /* AppDelegate.swift */ = {isa = PBXFileReference; lastKnownFileType = sourcecode.swift; path = AppDelegate.swift; sourceTree = "<group>"; };
		9747D1201F53FF5B009CFB21 /* Base */ = {isa = PBXFileReference; lastKnownFileType = file.storyboard; name = Base; path = Base.lproj/Main.storyboard; sourceTree = "<group>"; };
		9747D1221F53FF5B009CFB21 /* Assets.xcassets */ = {isa = PBXFileReference; lastKnownFileType = folder.assetcatalog; path = Assets.xcassets; sourceTree = "<group>"; };
		9747D1251F53FF5B009CFB21 /* Base */ = {isa = PBXFileReference; lastKnownFileType = file.storyboard; name = Base; path = Base.lproj/LaunchScreen.storyboard; sourceTree = "<group>"; };
		9747D1271F53FF5B009CFB21 /* Info.plist */ = {isa = PBXFileReference; lastKnownFileType = text.plist.xml; path = Info.plist; sourceTree = "<group>"; };
		9747D12D1F53FFD8009CFB21 /* ysocket.swift */ = {isa = PBXFileReference; fileEncoding = 4; lastKnownFileType = sourcecode.swift; path = ysocket.swift; sourceTree = "<group>"; };
		9747D12E1F53FFD8009CFB21 /* ytcpsocket.c */ = {isa = PBXFileReference; fileEncoding = 4; lastKnownFileType = sourcecode.c.c; path = ytcpsocket.c; sourceTree = "<group>"; };
		9747D12F1F53FFD8009CFB21 /* ytcpsocket.swift */ = {isa = PBXFileReference; fileEncoding = 4; lastKnownFileType = sourcecode.swift; path = ytcpsocket.swift; sourceTree = "<group>"; };
		9747D1301F53FFD8009CFB21 /* yudpsocket.c */ = {isa = PBXFileReference; fileEncoding = 4; lastKnownFileType = sourcecode.c.c; path = yudpsocket.c; sourceTree = "<group>"; };
		9747D1311F53FFD8009CFB21 /* yudpsocket.swift */ = {isa = PBXFileReference; fileEncoding = 4; lastKnownFileType = sourcecode.swift; path = yudpsocket.swift; sourceTree = "<group>"; };
		9747D1371F540006009CFB21 /* LJSocket.swift */ = {isa = PBXFileReference; fileEncoding = 4; lastKnownFileType = sourcecode.swift; path = LJSocket.swift; sourceTree = "<group>"; };
		9747D13A1F540580009CFB21 /* IMMessage.proto */ = {isa = PBXFileReference; fileEncoding = 4; lastKnownFileType = text; path = IMMessage.proto; sourceTree = "<group>"; };
		9747D13E1F54181B009CFB21 /* Immessage.proto.swift */ = {isa = PBXFileReference; fileEncoding = 4; lastKnownFileType = sourcecode.swift; path = Immessage.proto.swift; sourceTree = "<group>"; };
		975F293B1F3867D90049B848 /* EmoticonView.swift */ = {isa = PBXFileReference; fileEncoding = 4; lastKnownFileType = sourcecode.swift; path = EmoticonView.swift; sourceTree = "<group>"; };
		975F293D1F3867FA0049B848 /* EmoticonView.xib */ = {isa = PBXFileReference; fileEncoding = 4; lastKnownFileType = file.xib; path = EmoticonView.xib; sourceTree = "<group>"; };
		976736B31F55017400BE0A05 /* ViewController.swift */ = {isa = PBXFileReference; fileEncoding = 4; lastKnownFileType = sourcecode.swift; path = ViewController.swift; sourceTree = "<group>"; };
		978F909C1F271EF9002624BE /* LiveProject.app */ = {isa = PBXFileReference; explicitFileType = wrapper.application; includeInIndex = 0; path = LiveProject.app; sourceTree = BUILT_PRODUCTS_DIR; };
		978F90A41F271EF9002624BE /* Base */ = {isa = PBXFileReference; lastKnownFileType = file.storyboard; name = Base; path = Base.lproj/Main.storyboard; sourceTree = "<group>"; };
		978F90A61F271EF9002624BE /* Assets.xcassets */ = {isa = PBXFileReference; lastKnownFileType = folder.assetcatalog; path = Assets.xcassets; sourceTree = "<group>"; };
		978F90A91F271EF9002624BE /* Base */ = {isa = PBXFileReference; lastKnownFileType = file.storyboard; name = Base; path = Base.lproj/LaunchScreen.storyboard; sourceTree = "<group>"; };
		978F90AB1F271EF9002624BE /* Info.plist */ = {isa = PBXFileReference; lastKnownFileType = text.plist.xml; path = Info.plist; sourceTree = "<group>"; };
		978F90D81F2732A8002624BE /* LJPageView.swift */ = {isa = PBXFileReference; fileEncoding = 4; lastKnownFileType = sourcecode.swift; path = LJPageView.swift; sourceTree = "<group>"; };
		978F90DC1F2732FA002624BE /* LJTitleView.swift */ = {isa = PBXFileReference; fileEncoding = 4; lastKnownFileType = sourcecode.swift; path = LJTitleView.swift; sourceTree = "<group>"; };
		978F90DE1F273319002624BE /* LJContentView.swift */ = {isa = PBXFileReference; fileEncoding = 4; lastKnownFileType = sourcecode.swift; path = LJContentView.swift; sourceTree = "<group>"; };
		978F90E01F273614002624BE /* LJPageStyle.swift */ = {isa = PBXFileReference; fileEncoding = 4; lastKnownFileType = sourcecode.swift; path = LJPageStyle.swift; sourceTree = "<group>"; };
		97C6799F1F4FCE110045CB59 /* LJAttributeStringGenerator.swift */ = {isa = PBXFileReference; fileEncoding = 4; lastKnownFileType = sourcecode.swift; path = LJAttributeStringGenerator.swift; sourceTree = "<group>"; };
		97C679A11F4FF53F0045CB59 /* QHNormalEmotionSort.plist */ = {isa = PBXFileReference; lastKnownFileType = file.bplist; path = QHNormalEmotionSort.plist; sourceTree = "<group>"; };
		97C679A21F4FF53F0045CB59 /* QHSohuGifSort.plist */ = {isa = PBXFileReference; lastKnownFileType = file.bplist; path = QHSohuGifSort.plist; sourceTree = "<group>"; };
		97C8FA491F32C02D008025BC /* LJHomeViewModel.swift */ = {isa = PBXFileReference; fileEncoding = 4; lastKnownFileType = sourcecode.swift; path = LJHomeViewModel.swift; sourceTree = "<group>"; };
		97C8FA4B1F32C0F0008025BC /* AnchorModel.swift */ = {isa = PBXFileReference; fileEncoding = 4; lastKnownFileType = sourcecode.swift; path = AnchorModel.swift; sourceTree = "<group>"; };
		97C8FA4E1F32C6C3008025BC /* LJNetWorkManager.swift */ = {isa = PBXFileReference; fileEncoding = 4; lastKnownFileType = sourcecode.swift; path = LJNetWorkManager.swift; sourceTree = "<group>"; };
		97C8FA521F32F1FB008025BC /* HomeViewCell.swift */ = {isa = PBXFileReference; fileEncoding = 4; lastKnownFileType = sourcecode.swift; path = HomeViewCell.swift; sourceTree = "<group>"; };
		97C8FA541F33001E008025BC /* UIImageView-Extension.swift */ = {isa = PBXFileReference; fileEncoding = 4; lastKnownFileType = sourcecode.swift; path = "UIImageView-Extension.swift"; sourceTree = "<group>"; };
		97C8FA581F340093008025BC /* LJPageCollectionView.swift */ = {isa = PBXFileReference; fileEncoding = 4; lastKnownFileType = sourcecode.swift; path = LJPageCollectionView.swift; sourceTree = "<group>"; };
		97C8FA5A1F34201A008025BC /* LJPageCollectionLayout.swift */ = {isa = PBXFileReference; fileEncoding = 4; lastKnownFileType = sourcecode.swift; path = LJPageCollectionLayout.swift; sourceTree = "<group>"; };
		97CC22D21F62669D0066CF9B /* LJGiftAnimationModel.swift */ = {isa = PBXFileReference; fileEncoding = 4; lastKnownFileType = sourcecode.swift; path = LJGiftAnimationModel.swift; sourceTree = "<group>"; };
		97E639AE1F2AE0F9007D34DF /* LJWaterFallLayout.swift */ = {isa = PBXFileReference; fileEncoding = 4; lastKnownFileType = sourcecode.swift; path = LJWaterFallLayout.swift; sourceTree = "<group>"; };
		EC2C24AE1F9F1FB300605058 /* LJSettingsViewController.swift */ = {isa = PBXFileReference; lastKnownFileType = sourcecode.swift; path = LJSettingsViewController.swift; sourceTree = "<group>"; };
		EC6D783D1F9EDCD6001F6513 /* LJBaseMineController.swift */ = {isa = PBXFileReference; lastKnownFileType = sourcecode.swift; path = LJBaseMineController.swift; sourceTree = "<group>"; };
		EC6D783F1F9EDF6E001F6513 /* LJMineCell.swift */ = {isa = PBXFileReference; lastKnownFileType = sourcecode.swift; path = LJMineCell.swift; sourceTree = "<group>"; };
		EC6D78401F9EDF6E001F6513 /* LJMineCell.xib */ = {isa = PBXFileReference; lastKnownFileType = file.xib; path = LJMineCell.xib; sourceTree = "<group>"; };
		EC6D78431F9EEA58001F6513 /* LJMineHeaderView.swift */ = {isa = PBXFileReference; lastKnownFileType = sourcecode.swift; path = LJMineHeaderView.swift; sourceTree = "<group>"; };
		EC6D78451F9EEA67001F6513 /* LJMineHeaderView.xib */ = {isa = PBXFileReference; lastKnownFileType = file.xib; path = LJMineHeaderView.xib; sourceTree = "<group>"; };
		EC6D78471F9F0C23001F6513 /* LJSettingsSectionModel.swift */ = {isa = PBXFileReference; lastKnownFileType = sourcecode.swift; path = LJSettingsSectionModel.swift; sourceTree = "<group>"; };
		EC6D78491F9F0C4E001F6513 /* LJSettingsItemModel.swift */ = {isa = PBXFileReference; lastKnownFileType = sourcecode.swift; path = LJSettingsItemModel.swift; sourceTree = "<group>"; };
		F579E90E35C8EB4D74D64261 /* Pods-clientSocket.release.xcconfig */ = {isa = PBXFileReference; includeInIndex = 1; lastKnownFileType = text.xcconfig; name = "Pods-clientSocket.release.xcconfig"; path = "Pods/Target Support Files/Pods-clientSocket/Pods-clientSocket.release.xcconfig"; sourceTree = "<group>"; };
/* End PBXFileReference section */

/* Begin PBXFrameworksBuildPhase section */
		9747D0D01F53C0FE009CFB21 /* Frameworks */ = {
			isa = PBXFrameworksBuildPhase;
			buildActionMask = 2147483647;
			files = (
			);
			runOnlyForDeploymentPostprocessing = 0;
		};
		9747D1161F53FF5B009CFB21 /* Frameworks */ = {
			isa = PBXFrameworksBuildPhase;
			buildActionMask = 2147483647;
			files = (
				3E4987F7CDAA697B1191E871 /* Pods_clientSocket.framework in Frameworks */,
			);
			runOnlyForDeploymentPostprocessing = 0;
		};
		978F90991F271EF9002624BE /* Frameworks */ = {
			isa = PBXFrameworksBuildPhase;
			buildActionMask = 2147483647;
			files = (
				8E07CB424B84476A34193FCC /* Pods_LiveProject.framework in Frameworks */,
			);
			runOnlyForDeploymentPostprocessing = 0;
		};
/* End PBXFrameworksBuildPhase section */

/* Begin PBXGroup section */
		193BD182C53D641D2E90F6B7 /* Frameworks */ = {
			isa = PBXGroup;
			children = (
				005E16C739F13FA2F6FCEB9F /* Pods_LiveProject.framework */,
				39EAA0890542C5E9A575A15D /* Pods_clientSocket.framework */,
			);
			name = Frameworks;
			sourceTree = "<group>";
		};
		9705CA901F55133F00A197BA /* Live */ = {
			isa = PBXGroup;
			children = (
				972E1FE71F5ACBB80029876E /* GiftAnimation */,
				9705CA941F5513E800A197BA /* Socket */,
				9705CA961F55141A00A197BA /* View */,
				9705CA931F5513E800A197BA /* Model */,
				9705CA951F5513E800A197BA /* ViewModel */,
				9705CA971F55188A00A197BA /* LJRoomController.swift */,
				9705CA981F55188A00A197BA /* LJRoomController.xib */,
			);
			path = Live;
			sourceTree = "<group>";
		};
		9705CA931F5513E800A197BA /* Model */ = {
			isa = PBXGroup;
			children = (
				9705CAB91F56564900A197BA /* LJGiftModel.swift */,
				9705CABA1F56564900A197BA /* LJGiftPackage.swift */,
				9705CAC31F568EFF00A197BA /* LJEmoticonModel.swift */,
				9705CAC51F568FC300A197BA /* LJEmoticonPackage.swift */,
			);
			path = Model;
			sourceTree = "<group>";
		};
		9705CA941F5513E800A197BA /* Socket */ = {
			isa = PBXGroup;
			children = (
				972E1FC41F57E3CF0029876E /* ysocket */,
				972E1FC31F57E3CF0029876E /* LJSocket.swift */,
				972E1FC21F57E3CF0029876E /* Immessage.proto.swift */,
				972E1FC11F57E3CF0029876E /* IMMessage.proto */,
			);
			path = Socket;
			sourceTree = "<group>";
		};
		9705CA951F5513E800A197BA /* ViewModel */ = {
			isa = PBXGroup;
			children = (
				9705CAB71F56563C00A197BA /* LJGiftViewModel.swift */,
				9705CAC71F56906B00A197BA /* LJEmoticonViewModel.swift */,
			);
			path = ViewModel;
			sourceTree = "<group>";
		};
		9705CA961F55141A00A197BA /* View */ = {
			isa = PBXGroup;
			children = (
				9705CA9B1F555D8800A197BA /* ChatContentView */,
				9705CA9C1F555D8800A197BA /* ChatView */,
				9705CA9D1F555D8800A197BA /* GiftView */,
			);
			path = View;
			sourceTree = "<group>";
		};
		9705CA9B1F555D8800A197BA /* ChatContentView */ = {
			isa = PBXGroup;
			children = (
				9705CA9E1F555E5300A197BA /* LJChatContentView.swift */,
				9705CAA01F55621B00A197BA /* LJChatContentCell.swift */,
			);
			path = ChatContentView;
			sourceTree = "<group>";
		};
		9705CA9C1F555D8800A197BA /* ChatView */ = {
			isa = PBXGroup;
			children = (
				9705CABD1F5668D200A197BA /* LJChatToolsView.swift */,
				9705CABF1F56692F00A197BA /* LJEmoticonView.swift */,
				9705CAC11F56695800A197BA /* LJEmoticonViewCell.swift */,
			);
			path = ChatView;
			sourceTree = "<group>";
		};
		9705CA9D1F555D8800A197BA /* GiftView */ = {
			isa = PBXGroup;
			children = (
				9705CAB31F56562700A197BA /* GiftViewCell.swift */,
				9705CAB41F56562700A197BA /* GiftViewCell.xib */,
				9705CAA61F5650F400A197BA /* LJGiftListView.swift */,
				9705CAA81F56510500A197BA /* LJGiftListView.xib */,
			);
			path = GiftView;
			sourceTree = "<group>";
		};
		9705CAAA1F56555000A197BA /* Test */ = {
			isa = PBXGroup;
			children = (
				9705CAAF1F56557300A197BA /* LJGiftController.swift */,
				9705CAAB1F56555000A197BA /* TestSwiftController.swift */,
				9705CAAC1F56555000A197BA /* ViewController.swift */,
			);
			path = Test;
			sourceTree = "<group>";
		};
		972BD6F41F3218BB001C6172 /* Resource */ = {
			isa = PBXGroup;
			children = (
				9747D0CD1F53A557009CFB21 /* timg.gif */,
				97C679A11F4FF53F0045CB59 /* QHNormalEmotionSort.plist */,
				97C679A21F4FF53F0045CB59 /* QHSohuGifSort.plist */,
				972BD6F51F3218BB001C6172 /* types.plist */,
			);
			path = Resource;
			sourceTree = "<group>";
		};
		972BD6F71F321A16001C6172 /* Home */ = {
			isa = PBXGroup;
			children = (
				97E639AD1F2ADDB2007D34DF /* LJWaterFallView */,
				97C8FA511F32F1D8008025BC /* View */,
				97C8FA471F32BFF8008025BC /* Model */,
				97C8FA481F32BFF8008025BC /* ViewModel */,
				972BD7011F32263A001C6172 /* LJHomeController.swift */,
				972BD6FF1F3222BD001C6172 /* LJAnchorController.swift */,
			);
			path = Home;
			sourceTree = "<group>";
		};
		972BD6F81F321A44001C6172 /* Base */ = {
			isa = PBXGroup;
			children = (
				972BD7031F3226BA001C6172 /* AppDelegate.swift */,
				972BD7041F3226BA001C6172 /* LJNavigationCotroller.swift */,
				972BD7051F3226BA001C6172 /* LJTabBarController.swift */,
				972BD6F91F321A66001C6172 /* BaseModel.swift */,
				972BD6FD1F321D16001C6172 /* const.swift */,
			);
			path = Base;
			sourceTree = "<group>";
		};
		972BD7091F3226C9001C6172 /* Extension */ = {
			isa = PBXGroup;
			children = (
				972BD70A1F3226C9001C6172 /* UIColor-Extension.swift */,
				97C8FA541F33001E008025BC /* UIImageView-Extension.swift */,
			);
			path = Extension;
			sourceTree = "<group>";
		};
		972BD70C1F3226D2001C6172 /* Discovery */ = {
			isa = PBXGroup;
			children = (
				972BD70D1F3226D2001C6172 /* LJDiscoveryController.swift */,
			);
			path = Discovery;
			sourceTree = "<group>";
		};
		972BD70F1F3226E6001C6172 /* Mine */ = {
			isa = PBXGroup;
			children = (
				EC6D783A1F9EDAB7001F6513 /* Model */,
				EC6D783B1F9EDAC5001F6513 /* View */,
				EC6D783C1F9EDAD5001F6513 /* Controller */,
				972BD7101F3226E6001C6172 /* LJMineController.swift */,
			);
			path = Mine;
			sourceTree = "<group>";
		};
		972BD7121F3226EF001C6172 /* Rank */ = {
			isa = PBXGroup;
			children = (
				972BD7131F3226F0001C6172 /* LJRankController.swift */,
			);
			path = Rank;
			sourceTree = "<group>";
		};
		972E1FC41F57E3CF0029876E /* ysocket */ = {
			isa = PBXGroup;
			children = (
				972E1FC51F57E3CF0029876E /* ysocket.swift */,
				972E1FC61F57E3CF0029876E /* ytcpsocket.c */,
				972E1FC71F57E3CF0029876E /* ytcpsocket.swift */,
				972E1FC81F57E3CF0029876E /* yudpsocket.c */,
				972E1FC91F57E3CF0029876E /* yudpsocket.swift */,
			);
			path = ysocket;
			sourceTree = "<group>";
		};
		972E1FE71F5ACBB80029876E /* GiftAnimation */ = {
			isa = PBXGroup;
			children = (
				972E1FEA1F5ACC390029876E /* LJDigitLabel.swift */,
				972E1FE81F5ACC1C0029876E /* LJGiftChannelView.swift */,
				972E1FF01F5C246B0029876E /* LJGiftChannelView.xib */,
				972E1FEE1F5ACC9F0029876E /* LJGiftContainerView.swift */,
				97CC22D21F62669D0066CF9B /* LJGiftAnimationModel.swift */,
			);
			path = GiftAnimation;
			sourceTree = "<group>";
		};
		9747D0D41F53C0FF009CFB21 /* macSocket_server */ = {
			isa = PBXGroup;
			children = (
				9747D1051F53E4A3009CFB21 /* LJSocket */,
				9747D0D51F53C0FF009CFB21 /* AppDelegate.swift */,
				9747D0D71F53C0FF009CFB21 /* ViewController.swift */,
				9747D0D91F53C0FF009CFB21 /* Assets.xcassets */,
				9747D0DB1F53C0FF009CFB21 /* Main.storyboard */,
				9747D0DE1F53C0FF009CFB21 /* Info.plist */,
			);
			name = macSocket_server;
			path = macSocket;
			sourceTree = "<group>";
		};
		9747D1051F53E4A3009CFB21 /* LJSocket */ = {
			isa = PBXGroup;
			children = (
				9747D1061F53E4A3009CFB21 /* ysocket */,
				9747D1111F53E5D3009CFB21 /* LJSocketManager.swift */,
				9747D1131F53E897009CFB21 /* LJClientManager.swift */,
			);
			path = LJSocket;
			sourceTree = "<group>";
		};
		9747D1061F53E4A3009CFB21 /* ysocket */ = {
			isa = PBXGroup;
			children = (
				9747D1071F53E4A3009CFB21 /* ysocket.swift */,
				9747D1081F53E4A3009CFB21 /* ytcpsocket.c */,
				9747D1091F53E4A3009CFB21 /* ytcpsocket.swift */,
				9747D10A1F53E4A3009CFB21 /* yudpsocket.c */,
				9747D10B1F53E4A3009CFB21 /* yudpsocket.swift */,
			);
			path = ysocket;
			sourceTree = "<group>";
		};
		9747D11A1F53FF5B009CFB21 /* clientSocket */ = {
			isa = PBXGroup;
			children = (
				9747D12B1F53FFD8009CFB21 /* LJSocket */,
				9747D11B1F53FF5B009CFB21 /* AppDelegate.swift */,
				976736B31F55017400BE0A05 /* ViewController.swift */,
				9747D11F1F53FF5B009CFB21 /* Main.storyboard */,
				9747D1221F53FF5B009CFB21 /* Assets.xcassets */,
				9747D1241F53FF5B009CFB21 /* LaunchScreen.storyboard */,
				9747D1271F53FF5B009CFB21 /* Info.plist */,
				9747D13E1F54181B009CFB21 /* Immessage.proto.swift */,
				9747D13A1F540580009CFB21 /* IMMessage.proto */,
			);
			path = clientSocket;
			sourceTree = "<group>";
		};
		9747D12B1F53FFD8009CFB21 /* LJSocket */ = {
			isa = PBXGroup;
			children = (
				9747D12C1F53FFD8009CFB21 /* ysocket */,
				9747D1371F540006009CFB21 /* LJSocket.swift */,
			);
			path = LJSocket;
			sourceTree = "<group>";
		};
		9747D12C1F53FFD8009CFB21 /* ysocket */ = {
			isa = PBXGroup;
			children = (
				9747D12D1F53FFD8009CFB21 /* ysocket.swift */,
				9747D12E1F53FFD8009CFB21 /* ytcpsocket.c */,
				9747D12F1F53FFD8009CFB21 /* ytcpsocket.swift */,
				9747D1301F53FFD8009CFB21 /* yudpsocket.c */,
				9747D1311F53FFD8009CFB21 /* yudpsocket.swift */,
			);
			path = ysocket;
			sourceTree = "<group>";
		};
		975F293A1F38675C0049B848 /* LoadXib(Test) */ = {
			isa = PBXGroup;
			children = (
				975F293B1F3867D90049B848 /* EmoticonView.swift */,
				975F293D1F3867FA0049B848 /* EmoticonView.xib */,
				971196361F3AB34F005D4FFF /* GiftView.swift */,
				971196381F3AB35E005D4FFF /* GiftView.xib */,
				9711963A1F3AB4CE005D4FFF /* BaseView.swift */,
				9711963E1F3AD5B5005D4FFF /* Person.swift */,
				971196421F3B3603005D4FFF /* LoginViewController.swift */,
				971196431F3B3603005D4FFF /* LoginViewController.xib */,
				9732B04D1F3C292700C26CCE /* Shakeable.swift */,
				9732B04F1F3C2CD500C26CCE /* Flashable.swift */,
			);
			path = "LoadXib(Test)";
			sourceTree = "<group>";
		};
		978F90931F271EF8002624BE = {
			isa = PBXGroup;
			children = (
				978F909E1F271EF9002624BE /* LiveProject */,
				9747D0D41F53C0FF009CFB21 /* macSocket_server */,
				9747D11A1F53FF5B009CFB21 /* clientSocket */,
				978F909D1F271EF9002624BE /* Products */,
				CE1B4FD012C4D167B329FC2C /* Pods */,
				193BD182C53D641D2E90F6B7 /* Frameworks */,
			);
			sourceTree = "<group>";
		};
		978F909D1F271EF9002624BE /* Products */ = {
			isa = PBXGroup;
			children = (
				978F909C1F271EF9002624BE /* LiveProject.app */,
				9747D0D31F53C0FE009CFB21 /* macSocket.app */,
				9747D1191F53FF5B009CFB21 /* clientSocket.app */,
			);
			name = Products;
			sourceTree = "<group>";
		};
		978F909E1F271EF9002624BE /* LiveProject */ = {
			isa = PBXGroup;
			children = (
				975F293A1F38675C0049B848 /* LoadXib(Test) */,
				9705CAAA1F56555000A197BA /* Test */,
				972BD6F41F3218BB001C6172 /* Resource */,
				972BD6F81F321A44001C6172 /* Base */,
				972BD6F71F321A16001C6172 /* Home */,
				9705CA901F55133F00A197BA /* Live */,
				972BD7121F3226EF001C6172 /* Rank */,
				972BD70C1F3226D2001C6172 /* Discovery */,
				972BD70F1F3226E6001C6172 /* Mine */,
				972BD7091F3226C9001C6172 /* Extension */,
				97C8FA4D1F32C6A7008025BC /* Tools */,
				EC2C24B01F9F2FED00605058 /* CommonViews */,
				978F90A31F271EF9002624BE /* Main.storyboard */,
				978F90A61F271EF9002624BE /* Assets.xcassets */,
				978F90A81F271EF9002624BE /* LaunchScreen.storyboard */,
				978F90AB1F271EF9002624BE /* Info.plist */,
			);
			path = LiveProject;
			sourceTree = "<group>";
		};
		978F90D51F273250002624BE /* LJPageView */ = {
			isa = PBXGroup;
			children = (
				978F90D81F2732A8002624BE /* LJPageView.swift */,
				978F90DC1F2732FA002624BE /* LJTitleView.swift */,
				978F90DE1F273319002624BE /* LJContentView.swift */,
				978F90E01F273614002624BE /* LJPageStyle.swift */,
				97C8FA581F340093008025BC /* LJPageCollectionView.swift */,
				97C8FA5A1F34201A008025BC /* LJPageCollectionLayout.swift */,
			);
			path = LJPageView;
			sourceTree = "<group>";
		};
		97C8FA471F32BFF8008025BC /* Model */ = {
			isa = PBXGroup;
			children = (
				972BD6FB1F321AF0001C6172 /* HomeType.swift */,
				97C8FA4B1F32C0F0008025BC /* AnchorModel.swift */,
			);
			path = Model;
			sourceTree = "<group>";
		};
		97C8FA481F32BFF8008025BC /* ViewModel */ = {
			isa = PBXGroup;
			children = (
				97C8FA491F32C02D008025BC /* LJHomeViewModel.swift */,
			);
			path = ViewModel;
			sourceTree = "<group>";
		};
		97C8FA4D1F32C6A7008025BC /* Tools */ = {
			isa = PBXGroup;
			children = (
				97C8FA4E1F32C6C3008025BC /* LJNetWorkManager.swift */,
				97C6799F1F4FCE110045CB59 /* LJAttributeStringGenerator.swift */,
				9747D0CB1F53A216009CFB21 /* LJGifImageManager.swift */,
				972E1FBF1F56B93D0029876E /* NibLoadable.swift */,
				9705CAB11F56561400A197BA /* Requestable.swift */,
				9705CAC91F56B5C300A197BA /* Emitterable.swift */,
			);
			path = Tools;
			sourceTree = "<group>";
		};
		97C8FA511F32F1D8008025BC /* View */ = {
			isa = PBXGroup;
			children = (
				97C8FA521F32F1FB008025BC /* HomeViewCell.swift */,
			);
			path = View;
			sourceTree = "<group>";
		};
		97E639AD1F2ADDB2007D34DF /* LJWaterFallView */ = {
			isa = PBXGroup;
			children = (
				97E639AE1F2AE0F9007D34DF /* LJWaterFallLayout.swift */,
			);
			path = LJWaterFallView;
			sourceTree = "<group>";
		};
		CE1B4FD012C4D167B329FC2C /* Pods */ = {
			isa = PBXGroup;
			children = (
				6C459D136A2B0A2D329AB93E /* Pods-LiveProject.debug.xcconfig */,
				41BC208B8661AFC62651B31A /* Pods-LiveProject.release.xcconfig */,
				7B85A0DBBECA7B42622A87E2 /* Pods-clientSocket.debug.xcconfig */,
				F579E90E35C8EB4D74D64261 /* Pods-clientSocket.release.xcconfig */,
			);
			name = Pods;
			sourceTree = "<group>";
		};
		EC2C24B01F9F2FED00605058 /* CommonViews */ = {
			isa = PBXGroup;
			children = (
				978F90D51F273250002624BE /* LJPageView */,
			);
			path = CommonViews;
			sourceTree = "<group>";
		};
		EC6D783A1F9EDAB7001F6513 /* Model */ = {
			isa = PBXGroup;
			children = (
				EC6D78471F9F0C23001F6513 /* LJSettingsSectionModel.swift */,
				EC6D78491F9F0C4E001F6513 /* LJSettingsItemModel.swift */,
			);
			path = Model;
			sourceTree = "<group>";
		};
		EC6D783B1F9EDAC5001F6513 /* View */ = {
			isa = PBXGroup;
			children = (
				EC6D783F1F9EDF6E001F6513 /* LJMineCell.swift */,
				EC6D78401F9EDF6E001F6513 /* LJMineCell.xib */,
				EC6D78431F9EEA58001F6513 /* LJMineHeaderView.swift */,
				EC6D78451F9EEA67001F6513 /* LJMineHeaderView.xib */,
			);
			path = View;
			sourceTree = "<group>";
		};
		EC6D783C1F9EDAD5001F6513 /* Controller */ = {
			isa = PBXGroup;
			children = (
				EC6D783D1F9EDCD6001F6513 /* LJBaseMineController.swift */,
				EC2C24AE1F9F1FB300605058 /* LJSettingsViewController.swift */,
			);
			path = Controller;
			sourceTree = "<group>";
		};
/* End PBXGroup section */

/* Begin PBXNativeTarget section */
		9747D0D21F53C0FE009CFB21 /* macSocket */ = {
			isa = PBXNativeTarget;
			buildConfigurationList = 9747D0DF1F53C0FF009CFB21 /* Build configuration list for PBXNativeTarget "macSocket" */;
			buildPhases = (
				9747D0CF1F53C0FE009CFB21 /* Sources */,
				9747D0D01F53C0FE009CFB21 /* Frameworks */,
				9747D0D11F53C0FE009CFB21 /* Resources */,
			);
			buildRules = (
			);
			dependencies = (
			);
			name = macSocket;
			productName = macSocket;
			productReference = 9747D0D31F53C0FE009CFB21 /* macSocket.app */;
			productType = "com.apple.product-type.application";
		};
		9747D1181F53FF5B009CFB21 /* clientSocket */ = {
			isa = PBXNativeTarget;
			buildConfigurationList = 9747D1281F53FF5B009CFB21 /* Build configuration list for PBXNativeTarget "clientSocket" */;
			buildPhases = (
				097CF83CF67DDF7BFA2543E4 /* [CP] Check Pods Manifest.lock */,
				9747D1151F53FF5B009CFB21 /* Sources */,
				9747D1161F53FF5B009CFB21 /* Frameworks */,
				9747D1171F53FF5B009CFB21 /* Resources */,
				9766A9F8F9649378DCDFFB99 /* [CP] Embed Pods Frameworks */,
				998809E1D64E5C50DF24429D /* [CP] Copy Pods Resources */,
			);
			buildRules = (
			);
			dependencies = (
			);
			name = clientSocket;
			productName = clientSocket;
			productReference = 9747D1191F53FF5B009CFB21 /* clientSocket.app */;
			productType = "com.apple.product-type.application";
		};
		978F909B1F271EF9002624BE /* LiveProject */ = {
			isa = PBXNativeTarget;
			buildConfigurationList = 978F90AE1F271EF9002624BE /* Build configuration list for PBXNativeTarget "LiveProject" */;
			buildPhases = (
				051D827CA7881883052AAC4A /* [CP] Check Pods Manifest.lock */,
				978F90981F271EF9002624BE /* Sources */,
				978F90991F271EF9002624BE /* Frameworks */,
				978F909A1F271EF9002624BE /* Resources */,
				3A477D136298DFFEB33AFBFD /* [CP] Embed Pods Frameworks */,
				39F8F612C63DAEB854907BEB /* [CP] Copy Pods Resources */,
			);
			buildRules = (
			);
			dependencies = (
			);
			name = LiveProject;
			productName = LiveProject;
			productReference = 978F909C1F271EF9002624BE /* LiveProject.app */;
			productType = "com.apple.product-type.application";
		};
/* End PBXNativeTarget section */

/* Begin PBXProject section */
		978F90941F271EF9002624BE /* Project object */ = {
			isa = PBXProject;
			attributes = {
				CLASSPREFIX = LJ;
				LastSwiftUpdateCheck = 0830;
				LastUpgradeCheck = 0830;
				ORGANIZATIONNAME = liang;
				TargetAttributes = {
					9747D0D21F53C0FE009CFB21 = {
						CreatedOnToolsVersion = 8.3.2;
						DevelopmentTeam = RF96M4B8KB;
						ProvisioningStyle = Automatic;
					};
					9747D1181F53FF5B009CFB21 = {
						CreatedOnToolsVersion = 8.3.2;
						DevelopmentTeam = RF96M4B8KB;
						ProvisioningStyle = Automatic;
					};
					978F909B1F271EF9002624BE = {
						CreatedOnToolsVersion = 8.3.2;
						DevelopmentTeam = U34P9L9V3V;
						ProvisioningStyle = Automatic;
					};
				};
			};
			buildConfigurationList = 978F90971F271EF9002624BE /* Build configuration list for PBXProject "LiveProject" */;
			compatibilityVersion = "Xcode 3.2";
			developmentRegion = English;
			hasScannedForEncodings = 0;
			knownRegions = (
				en,
				Base,
			);
			mainGroup = 978F90931F271EF8002624BE;
			productRefGroup = 978F909D1F271EF9002624BE /* Products */;
			projectDirPath = "";
			projectRoot = "";
			targets = (
				978F909B1F271EF9002624BE /* LiveProject */,
				9747D0D21F53C0FE009CFB21 /* macSocket */,
				9747D1181F53FF5B009CFB21 /* clientSocket */,
			);
		};
/* End PBXProject section */

/* Begin PBXResourcesBuildPhase section */
		9747D0D11F53C0FE009CFB21 /* Resources */ = {
			isa = PBXResourcesBuildPhase;
			buildActionMask = 2147483647;
			files = (
				9747D0DA1F53C0FF009CFB21 /* Assets.xcassets in Resources */,
				9747D0DD1F53C0FF009CFB21 /* Main.storyboard in Resources */,
			);
			runOnlyForDeploymentPostprocessing = 0;
		};
		9747D1171F53FF5B009CFB21 /* Resources */ = {
			isa = PBXResourcesBuildPhase;
			buildActionMask = 2147483647;
			files = (
				9747D13C1F540580009CFB21 /* IMMessage.proto in Resources */,
				9747D1261F53FF5B009CFB21 /* LaunchScreen.storyboard in Resources */,
				9747D1231F53FF5B009CFB21 /* Assets.xcassets in Resources */,
				9747D1211F53FF5B009CFB21 /* Main.storyboard in Resources */,
			);
			runOnlyForDeploymentPostprocessing = 0;
		};
		978F909A1F271EF9002624BE /* Resources */ = {
			isa = PBXResourcesBuildPhase;
			buildActionMask = 2147483647;
			files = (
				971196391F3AB35E005D4FFF /* GiftView.xib in Resources */,
				9747D0CE1F53A557009CFB21 /* timg.gif in Resources */,
				972E1FF11F5C246B0029876E /* LJGiftChannelView.xib in Resources */,
				978F90AA1F271EF9002624BE /* LaunchScreen.storyboard in Resources */,
				978F90A71F271EF9002624BE /* Assets.xcassets in Resources */,
				972BD6F61F3218BB001C6172 /* types.plist in Resources */,
				978F90A51F271EF9002624BE /* Main.storyboard in Resources */,
				97C679A31F4FF53F0045CB59 /* QHNormalEmotionSort.plist in Resources */,
				971196451F3B3603005D4FFF /* LoginViewController.xib in Resources */,
				9705CAA91F56510500A197BA /* LJGiftListView.xib in Resources */,
				9705CA9A1F55188A00A197BA /* LJRoomController.xib in Resources */,
				9705CAB61F56562700A197BA /* GiftViewCell.xib in Resources */,
				EC6D78461F9EEA67001F6513 /* LJMineHeaderView.xib in Resources */,
				975F293E1F3867FA0049B848 /* EmoticonView.xib in Resources */,
				972E1FCA1F57E3CF0029876E /* IMMessage.proto in Resources */,
				EC6D78421F9EDF6E001F6513 /* LJMineCell.xib in Resources */,
				97C679A41F4FF53F0045CB59 /* QHSohuGifSort.plist in Resources */,
			);
			runOnlyForDeploymentPostprocessing = 0;
		};
/* End PBXResourcesBuildPhase section */

/* Begin PBXShellScriptBuildPhase section */
		051D827CA7881883052AAC4A /* [CP] Check Pods Manifest.lock */ = {
			isa = PBXShellScriptBuildPhase;
			buildActionMask = 2147483647;
			files = (
			);
			inputPaths = (
				"${PODS_PODFILE_DIR_PATH}/Podfile.lock",
				"${PODS_ROOT}/Manifest.lock",
			);
			name = "[CP] Check Pods Manifest.lock";
			outputPaths = (
				"$(DERIVED_FILE_DIR)/Pods-LiveProject-checkManifestLockResult.txt",
			);
			runOnlyForDeploymentPostprocessing = 0;
			shellPath = /bin/sh;
			shellScript = "diff \"${PODS_PODFILE_DIR_PATH}/Podfile.lock\" \"${PODS_ROOT}/Manifest.lock\" > /dev/null\nif [ $? != 0 ] ; then\n    # print error to STDERR\n    echo \"error: The sandbox is not in sync with the Podfile.lock. Run 'pod install' or update your CocoaPods installation.\" >&2\n    exit 1\nfi\n# This output is used by Xcode 'outputs' to avoid re-running this script phase.\necho \"SUCCESS\" > \"${SCRIPT_OUTPUT_FILE_0}\"\n";
			showEnvVarsInLog = 0;
		};
		097CF83CF67DDF7BFA2543E4 /* [CP] Check Pods Manifest.lock */ = {
			isa = PBXShellScriptBuildPhase;
			buildActionMask = 2147483647;
			files = (
			);
			inputPaths = (
				"${PODS_PODFILE_DIR_PATH}/Podfile.lock",
				"${PODS_ROOT}/Manifest.lock",
			);
			name = "[CP] Check Pods Manifest.lock";
			outputPaths = (
				"$(DERIVED_FILE_DIR)/Pods-clientSocket-checkManifestLockResult.txt",
			);
			runOnlyForDeploymentPostprocessing = 0;
			shellPath = /bin/sh;
			shellScript = "diff \"${PODS_PODFILE_DIR_PATH}/Podfile.lock\" \"${PODS_ROOT}/Manifest.lock\" > /dev/null\nif [ $? != 0 ] ; then\n    # print error to STDERR\n    echo \"error: The sandbox is not in sync with the Podfile.lock. Run 'pod install' or update your CocoaPods installation.\" >&2\n    exit 1\nfi\n# This output is used by Xcode 'outputs' to avoid re-running this script phase.\necho \"SUCCESS\" > \"${SCRIPT_OUTPUT_FILE_0}\"\n";
			showEnvVarsInLog = 0;
		};
		39F8F612C63DAEB854907BEB /* [CP] Copy Pods Resources */ = {
			isa = PBXShellScriptBuildPhase;
			buildActionMask = 2147483647;
			files = (
			);
			inputPaths = (
			);
			name = "[CP] Copy Pods Resources";
			outputPaths = (
			);
			runOnlyForDeploymentPostprocessing = 0;
			shellPath = /bin/sh;
			shellScript = "\"${SRCROOT}/Pods/Target Support Files/Pods-LiveProject/Pods-LiveProject-resources.sh\"\n";
			showEnvVarsInLog = 0;
		};
		3A477D136298DFFEB33AFBFD /* [CP] Embed Pods Frameworks */ = {
			isa = PBXShellScriptBuildPhase;
			buildActionMask = 2147483647;
			files = (
			);
			inputPaths = (
				"${SRCROOT}/Pods/Target Support Files/Pods-LiveProject/Pods-LiveProject-frameworks.sh",
				"${BUILT_PRODUCTS_DIR}/Alamofire/Alamofire.framework",
				"${BUILT_PRODUCTS_DIR}/Kingfisher/Kingfisher.framework",
				"${BUILT_PRODUCTS_DIR}/ProtocolBuffers-Swift/ProtocolBuffers.framework",
				"${BUILT_PRODUCTS_DIR}/YYCache/YYCache.framework",
				"${BUILT_PRODUCTS_DIR}/YYImage/YYImage.framework",
				"${BUILT_PRODUCTS_DIR}/YYWebImage/YYWebImage.framework",
				"${BUILT_PRODUCTS_DIR}/ZipArchive/ZipArchive.framework",
			);
			name = "[CP] Embed Pods Frameworks";
			outputPaths = (
				"${TARGET_BUILD_DIR}/${FRAMEWORKS_FOLDER_PATH}/Alamofire.framework",
				"${TARGET_BUILD_DIR}/${FRAMEWORKS_FOLDER_PATH}/Kingfisher.framework",
				"${TARGET_BUILD_DIR}/${FRAMEWORKS_FOLDER_PATH}/ProtocolBuffers.framework",
				"${TARGET_BUILD_DIR}/${FRAMEWORKS_FOLDER_PATH}/YYCache.framework",
				"${TARGET_BUILD_DIR}/${FRAMEWORKS_FOLDER_PATH}/YYImage.framework",
				"${TARGET_BUILD_DIR}/${FRAMEWORKS_FOLDER_PATH}/YYWebImage.framework",
				"${TARGET_BUILD_DIR}/${FRAMEWORKS_FOLDER_PATH}/ZipArchive.framework",
			);
			runOnlyForDeploymentPostprocessing = 0;
			shellPath = /bin/sh;
			shellScript = "\"${SRCROOT}/Pods/Target Support Files/Pods-LiveProject/Pods-LiveProject-frameworks.sh\"\n";
			showEnvVarsInLog = 0;
		};
		9766A9F8F9649378DCDFFB99 /* [CP] Embed Pods Frameworks */ = {
			isa = PBXShellScriptBuildPhase;
			buildActionMask = 2147483647;
			files = (
			);
			inputPaths = (
				"${SRCROOT}/Pods/Target Support Files/Pods-clientSocket/Pods-clientSocket-frameworks.sh",
				"${BUILT_PRODUCTS_DIR}/ProtocolBuffers-Swift/ProtocolBuffers.framework",
			);
			name = "[CP] Embed Pods Frameworks";
			outputPaths = (
				"${TARGET_BUILD_DIR}/${FRAMEWORKS_FOLDER_PATH}/ProtocolBuffers.framework",
			);
			runOnlyForDeploymentPostprocessing = 0;
			shellPath = /bin/sh;
			shellScript = "\"${SRCROOT}/Pods/Target Support Files/Pods-clientSocket/Pods-clientSocket-frameworks.sh\"\n";
			showEnvVarsInLog = 0;
		};
		998809E1D64E5C50DF24429D /* [CP] Copy Pods Resources */ = {
			isa = PBXShellScriptBuildPhase;
			buildActionMask = 2147483647;
			files = (
			);
			inputPaths = (
			);
			name = "[CP] Copy Pods Resources";
			outputPaths = (
			);
			runOnlyForDeploymentPostprocessing = 0;
			shellPath = /bin/sh;
			shellScript = "\"${SRCROOT}/Pods/Target Support Files/Pods-clientSocket/Pods-clientSocket-resources.sh\"\n";
			showEnvVarsInLog = 0;
		};
/* End PBXShellScriptBuildPhase section */

/* Begin PBXSourcesBuildPhase section */
		9747D0CF1F53C0FE009CFB21 /* Sources */ = {
			isa = PBXSourcesBuildPhase;
			buildActionMask = 2147483647;
			files = (
				9747D10C1F53E4A3009CFB21 /* ysocket.swift in Sources */,
				9747D0D81F53C0FF009CFB21 /* ViewController.swift in Sources */,
				9747D1141F53E897009CFB21 /* LJClientManager.swift in Sources */,
				9747D1121F53E5D3009CFB21 /* LJSocketManager.swift in Sources */,
				9747D10F1F53E4A3009CFB21 /* yudpsocket.c in Sources */,
				9747D10D1F53E4A3009CFB21 /* ytcpsocket.c in Sources */,
				9747D0D61F53C0FF009CFB21 /* AppDelegate.swift in Sources */,
				9747D10E1F53E4A3009CFB21 /* ytcpsocket.swift in Sources */,
				9747D1101F53E4A3009CFB21 /* yudpsocket.swift in Sources */,
			);
			runOnlyForDeploymentPostprocessing = 0;
		};
		9747D1151F53FF5B009CFB21 /* Sources */ = {
			isa = PBXSourcesBuildPhase;
			buildActionMask = 2147483647;
			files = (
				9747D1381F540006009CFB21 /* LJSocket.swift in Sources */,
				9747D1321F53FFD8009CFB21 /* ysocket.swift in Sources */,
				9747D1351F53FFD8009CFB21 /* yudpsocket.c in Sources */,
				976736B41F55017400BE0A05 /* ViewController.swift in Sources */,
				9747D1331F53FFD8009CFB21 /* ytcpsocket.c in Sources */,
				9747D11C1F53FF5B009CFB21 /* AppDelegate.swift in Sources */,
				9747D1341F53FFD8009CFB21 /* ytcpsocket.swift in Sources */,
				9747D1361F53FFD8009CFB21 /* yudpsocket.swift in Sources */,
				9747D13F1F54181B009CFB21 /* Immessage.proto.swift in Sources */,
			);
			runOnlyForDeploymentPostprocessing = 0;
		};
		978F90981F271EF9002624BE /* Sources */ = {
			isa = PBXSourcesBuildPhase;
			buildActionMask = 2147483647;
			files = (
				972E1FEB1F5ACC390029876E /* LJDigitLabel.swift in Sources */,
				972BD7061F3226BA001C6172 /* AppDelegate.swift in Sources */,
				9705CACA1F56B5C300A197BA /* Emitterable.swift in Sources */,
				97C8FA4C1F32C0F0008025BC /* AnchorModel.swift in Sources */,
				971196371F3AB34F005D4FFF /* GiftView.swift in Sources */,
				978F90D91F2732A8002624BE /* LJPageView.swift in Sources */,
				EC6D784A1F9F0C4E001F6513 /* LJSettingsItemModel.swift in Sources */,
				972BD7071F3226BA001C6172 /* LJNavigationCotroller.swift in Sources */,
				972E1FD11F57E3CF0029876E /* yudpsocket.swift in Sources */,
				9705CAAD1F56555000A197BA /* TestSwiftController.swift in Sources */,
				9705CAB51F56562700A197BA /* GiftViewCell.swift in Sources */,
				9732B04E1F3C292700C26CCE /* Shakeable.swift in Sources */,
				972BD7141F3226F0001C6172 /* LJRankController.swift in Sources */,
				9705CAAE1F56555000A197BA /* ViewController.swift in Sources */,
				972E1FC01F56B93D0029876E /* NibLoadable.swift in Sources */,
				972E1FCC1F57E3CF0029876E /* LJSocket.swift in Sources */,
				972E1FD01F57E3CF0029876E /* yudpsocket.c in Sources */,
				972E1FCE1F57E3CF0029876E /* ytcpsocket.c in Sources */,
				972BD7001F3222BD001C6172 /* LJAnchorController.swift in Sources */,
				972E1FEF1F5ACC9F0029876E /* LJGiftContainerView.swift in Sources */,
				9705CA9F1F555E5300A197BA /* LJChatContentView.swift in Sources */,
				EC6D78481F9F0C23001F6513 /* LJSettingsSectionModel.swift in Sources */,
				9705CAA71F5650F400A197BA /* LJGiftListView.swift in Sources */,
				EC2C24AF1F9F1FB300605058 /* LJSettingsViewController.swift in Sources */,
				972BD7111F3226E6001C6172 /* LJMineController.swift in Sources */,
				EC6D783E1F9EDCD6001F6513 /* LJBaseMineController.swift in Sources */,
				9747D0CC1F53A216009CFB21 /* LJGifImageManager.swift in Sources */,
				972BD7021F32263A001C6172 /* LJHomeController.swift in Sources */,
				972BD70B1F3226C9001C6172 /* UIColor-Extension.swift in Sources */,
				9705CABC1F56564900A197BA /* LJGiftPackage.swift in Sources */,
				972BD7081F3226BA001C6172 /* LJTabBarController.swift in Sources */,
				978F90E11F273614002624BE /* LJPageStyle.swift in Sources */,
				97C8FA5B1F34201A008025BC /* LJPageCollectionLayout.swift in Sources */,
				9705CAB01F56557300A197BA /* LJGiftController.swift in Sources */,
				97C8FA551F33001E008025BC /* UIImageView-Extension.swift in Sources */,
				97C8FA591F340093008025BC /* LJPageCollectionView.swift in Sources */,
				9705CA991F55188A00A197BA /* LJRoomController.swift in Sources */,
				9732B0501F3C2CD500C26CCE /* Flashable.swift in Sources */,
				972BD70E1F3226D2001C6172 /* LJDiscoveryController.swift in Sources */,
				9705CAA11F55621B00A197BA /* LJChatContentCell.swift in Sources */,
				978F90DF1F273319002624BE /* LJContentView.swift in Sources */,
				9705CAB81F56563C00A197BA /* LJGiftViewModel.swift in Sources */,
				97CC22D31F62669D0066CF9B /* LJGiftAnimationModel.swift in Sources */,
				9705CAC21F56695800A197BA /* LJEmoticonViewCell.swift in Sources */,
				972BD6FA1F321A66001C6172 /* BaseModel.swift in Sources */,
				9705CAC61F568FC300A197BA /* LJEmoticonPackage.swift in Sources */,
				971196441F3B3603005D4FFF /* LoginViewController.swift in Sources */,
				EC6D78441F9EEA58001F6513 /* LJMineHeaderView.swift in Sources */,
				972E1FCF1F57E3CF0029876E /* ytcpsocket.swift in Sources */,
				97C679A01F4FCE110045CB59 /* LJAttributeStringGenerator.swift in Sources */,
				9705CAC81F56906B00A197BA /* LJEmoticonViewModel.swift in Sources */,
				972BD6FC1F321AF0001C6172 /* HomeType.swift in Sources */,
				EC6D78411F9EDF6E001F6513 /* LJMineCell.swift in Sources */,
				97E639AF1F2AE0F9007D34DF /* LJWaterFallLayout.swift in Sources */,
				978F90DD1F2732FA002624BE /* LJTitleView.swift in Sources */,
				97C8FA531F32F1FB008025BC /* HomeViewCell.swift in Sources */,
				972E1FE91F5ACC1C0029876E /* LJGiftChannelView.swift in Sources */,
				972BD6FE1F321D16001C6172 /* const.swift in Sources */,
				9705CAB21F56561400A197BA /* Requestable.swift in Sources */,
				97C8FA4F1F32C6C3008025BC /* LJNetWorkManager.swift in Sources */,
				9705CABE1F5668D200A197BA /* LJChatToolsView.swift in Sources */,
				9705CAC41F568EFF00A197BA /* LJEmoticonModel.swift in Sources */,
				9711963B1F3AB4CE005D4FFF /* BaseView.swift in Sources */,
				975F293C1F3867D90049B848 /* EmoticonView.swift in Sources */,
				972E1FCD1F57E3CF0029876E /* ysocket.swift in Sources */,
				9711963F1F3AD5B5005D4FFF /* Person.swift in Sources */,
				97C8FA4A1F32C02D008025BC /* LJHomeViewModel.swift in Sources */,
				9705CAC01F56692F00A197BA /* LJEmoticonView.swift in Sources */,
				9705CABB1F56564900A197BA /* LJGiftModel.swift in Sources */,
				972E1FCB1F57E3CF0029876E /* Immessage.proto.swift in Sources */,
			);
			runOnlyForDeploymentPostprocessing = 0;
		};
/* End PBXSourcesBuildPhase section */

/* Begin PBXVariantGroup section */
		9747D0DB1F53C0FF009CFB21 /* Main.storyboard */ = {
			isa = PBXVariantGroup;
			children = (
				9747D0DC1F53C0FF009CFB21 /* Base */,
			);
			name = Main.storyboard;
			sourceTree = "<group>";
		};
		9747D11F1F53FF5B009CFB21 /* Main.storyboard */ = {
			isa = PBXVariantGroup;
			children = (
				9747D1201F53FF5B009CFB21 /* Base */,
			);
			name = Main.storyboard;
			sourceTree = "<group>";
		};
		9747D1241F53FF5B009CFB21 /* LaunchScreen.storyboard */ = {
			isa = PBXVariantGroup;
			children = (
				9747D1251F53FF5B009CFB21 /* Base */,
			);
			name = LaunchScreen.storyboard;
			sourceTree = "<group>";
		};
		978F90A31F271EF9002624BE /* Main.storyboard */ = {
			isa = PBXVariantGroup;
			children = (
				978F90A41F271EF9002624BE /* Base */,
			);
			name = Main.storyboard;
			sourceTree = "<group>";
		};
		978F90A81F271EF9002624BE /* LaunchScreen.storyboard */ = {
			isa = PBXVariantGroup;
			children = (
				978F90A91F271EF9002624BE /* Base */,
			);
			name = LaunchScreen.storyboard;
			sourceTree = "<group>";
		};
/* End PBXVariantGroup section */

/* Begin XCBuildConfiguration section */
		9747D0E01F53C0FF009CFB21 /* Debug */ = {
			isa = XCBuildConfiguration;
			buildSettings = {
				ASSETCATALOG_COMPILER_APPICON_NAME = AppIcon;
				CODE_SIGN_IDENTITY = "-";
				COMBINE_HIDPI_IMAGES = YES;
				DEVELOPMENT_TEAM = RF96M4B8KB;
				INFOPLIST_FILE = macSocket/Info.plist;
				LD_RUNPATH_SEARCH_PATHS = "$(inherited) @executable_path/../Frameworks";
				MACOSX_DEPLOYMENT_TARGET = 10.12;
				PRODUCT_BUNDLE_IDENTIFIER = com.walle.macSocket;
				PRODUCT_NAME = "$(TARGET_NAME)";
				SDKROOT = macosx;
				SWIFT_VERSION = 3.0;
			};
			name = Debug;
		};
		9747D0E11F53C0FF009CFB21 /* Release */ = {
			isa = XCBuildConfiguration;
			buildSettings = {
				ASSETCATALOG_COMPILER_APPICON_NAME = AppIcon;
				CODE_SIGN_IDENTITY = "-";
				COMBINE_HIDPI_IMAGES = YES;
				DEVELOPMENT_TEAM = RF96M4B8KB;
				INFOPLIST_FILE = macSocket/Info.plist;
				LD_RUNPATH_SEARCH_PATHS = "$(inherited) @executable_path/../Frameworks";
				MACOSX_DEPLOYMENT_TARGET = 10.12;
				PRODUCT_BUNDLE_IDENTIFIER = com.walle.macSocket;
				PRODUCT_NAME = "$(TARGET_NAME)";
				SDKROOT = macosx;
				SWIFT_VERSION = 3.0;
			};
			name = Release;
		};
		9747D1291F53FF5B009CFB21 /* Debug */ = {
			isa = XCBuildConfiguration;
			baseConfigurationReference = 7B85A0DBBECA7B42622A87E2 /* Pods-clientSocket.debug.xcconfig */;
			buildSettings = {
				ASSETCATALOG_COMPILER_APPICON_NAME = AppIcon;
				DEVELOPMENT_TEAM = RF96M4B8KB;
				INFOPLIST_FILE = clientSocket/Info.plist;
				LD_RUNPATH_SEARCH_PATHS = "$(inherited) @executable_path/Frameworks";
				PRODUCT_BUNDLE_IDENTIFIER = com.walle.clientSocket;
				PRODUCT_NAME = "$(TARGET_NAME)";
				SWIFT_VERSION = 3.0;
			};
			name = Debug;
		};
		9747D12A1F53FF5B009CFB21 /* Release */ = {
			isa = XCBuildConfiguration;
			baseConfigurationReference = F579E90E35C8EB4D74D64261 /* Pods-clientSocket.release.xcconfig */;
			buildSettings = {
				ASSETCATALOG_COMPILER_APPICON_NAME = AppIcon;
				DEVELOPMENT_TEAM = RF96M4B8KB;
				INFOPLIST_FILE = clientSocket/Info.plist;
				LD_RUNPATH_SEARCH_PATHS = "$(inherited) @executable_path/Frameworks";
				PRODUCT_BUNDLE_IDENTIFIER = com.walle.clientSocket;
				PRODUCT_NAME = "$(TARGET_NAME)";
				SWIFT_VERSION = 3.0;
			};
			name = Release;
		};
		978F90AC1F271EF9002624BE /* Debug */ = {
			isa = XCBuildConfiguration;
			buildSettings = {
				ALWAYS_SEARCH_USER_PATHS = NO;
				CLANG_ANALYZER_NONNULL = YES;
				CLANG_ANALYZER_NUMBER_OBJECT_CONVERSION = YES_AGGRESSIVE;
				CLANG_CXX_LANGUAGE_STANDARD = "gnu++0x";
				CLANG_CXX_LIBRARY = "libc++";
				CLANG_ENABLE_MODULES = YES;
				CLANG_ENABLE_OBJC_ARC = YES;
				CLANG_WARN_BOOL_CONVERSION = YES;
				CLANG_WARN_CONSTANT_CONVERSION = YES;
				CLANG_WARN_DIRECT_OBJC_ISA_USAGE = YES_ERROR;
				CLANG_WARN_DOCUMENTATION_COMMENTS = YES;
				CLANG_WARN_EMPTY_BODY = YES;
				CLANG_WARN_ENUM_CONVERSION = YES;
				CLANG_WARN_INFINITE_RECURSION = YES;
				CLANG_WARN_INT_CONVERSION = YES;
				CLANG_WARN_OBJC_ROOT_CLASS = YES_ERROR;
				CLANG_WARN_SUSPICIOUS_MOVE = YES;
				CLANG_WARN_UNREACHABLE_CODE = YES;
				CLANG_WARN__DUPLICATE_METHOD_MATCH = YES;
				"CODE_SIGN_IDENTITY[sdk=iphoneos*]" = "iPhone Developer";
				COPY_PHASE_STRIP = NO;
				DEBUG_INFORMATION_FORMAT = dwarf;
				ENABLE_STRICT_OBJC_MSGSEND = YES;
				ENABLE_TESTABILITY = YES;
				GCC_C_LANGUAGE_STANDARD = gnu99;
				GCC_DYNAMIC_NO_PIC = NO;
				GCC_NO_COMMON_BLOCKS = YES;
				GCC_OPTIMIZATION_LEVEL = 0;
				GCC_PREPROCESSOR_DEFINITIONS = (
					"DEBUG=1",
					"$(inherited)",
				);
				GCC_WARN_64_TO_32_BIT_CONVERSION = YES;
				GCC_WARN_ABOUT_RETURN_TYPE = YES_ERROR;
				GCC_WARN_UNDECLARED_SELECTOR = YES;
				GCC_WARN_UNINITIALIZED_AUTOS = YES_AGGRESSIVE;
				GCC_WARN_UNUSED_FUNCTION = YES;
				GCC_WARN_UNUSED_VARIABLE = YES;
				IPHONEOS_DEPLOYMENT_TARGET = 10.3;
				MTL_ENABLE_DEBUG_INFO = YES;
				ONLY_ACTIVE_ARCH = YES;
				SDKROOT = iphoneos;
				SWIFT_ACTIVE_COMPILATION_CONDITIONS = DEBUG;
				SWIFT_OPTIMIZATION_LEVEL = "-Onone";
			};
			name = Debug;
		};
		978F90AD1F271EF9002624BE /* Release */ = {
			isa = XCBuildConfiguration;
			buildSettings = {
				ALWAYS_SEARCH_USER_PATHS = NO;
				CLANG_ANALYZER_NONNULL = YES;
				CLANG_ANALYZER_NUMBER_OBJECT_CONVERSION = YES_AGGRESSIVE;
				CLANG_CXX_LANGUAGE_STANDARD = "gnu++0x";
				CLANG_CXX_LIBRARY = "libc++";
				CLANG_ENABLE_MODULES = YES;
				CLANG_ENABLE_OBJC_ARC = YES;
				CLANG_WARN_BOOL_CONVERSION = YES;
				CLANG_WARN_CONSTANT_CONVERSION = YES;
				CLANG_WARN_DIRECT_OBJC_ISA_USAGE = YES_ERROR;
				CLANG_WARN_DOCUMENTATION_COMMENTS = YES;
				CLANG_WARN_EMPTY_BODY = YES;
				CLANG_WARN_ENUM_CONVERSION = YES;
				CLANG_WARN_INFINITE_RECURSION = YES;
				CLANG_WARN_INT_CONVERSION = YES;
				CLANG_WARN_OBJC_ROOT_CLASS = YES_ERROR;
				CLANG_WARN_SUSPICIOUS_MOVE = YES;
				CLANG_WARN_UNREACHABLE_CODE = YES;
				CLANG_WARN__DUPLICATE_METHOD_MATCH = YES;
				"CODE_SIGN_IDENTITY[sdk=iphoneos*]" = "iPhone Developer";
				COPY_PHASE_STRIP = NO;
				DEBUG_INFORMATION_FORMAT = "dwarf-with-dsym";
				ENABLE_NS_ASSERTIONS = NO;
				ENABLE_STRICT_OBJC_MSGSEND = YES;
				GCC_C_LANGUAGE_STANDARD = gnu99;
				GCC_NO_COMMON_BLOCKS = YES;
				GCC_WARN_64_TO_32_BIT_CONVERSION = YES;
				GCC_WARN_ABOUT_RETURN_TYPE = YES_ERROR;
				GCC_WARN_UNDECLARED_SELECTOR = YES;
				GCC_WARN_UNINITIALIZED_AUTOS = YES_AGGRESSIVE;
				GCC_WARN_UNUSED_FUNCTION = YES;
				GCC_WARN_UNUSED_VARIABLE = YES;
				IPHONEOS_DEPLOYMENT_TARGET = 10.3;
				MTL_ENABLE_DEBUG_INFO = NO;
				SDKROOT = iphoneos;
				SWIFT_OPTIMIZATION_LEVEL = "-Owholemodule";
				VALIDATE_PRODUCT = YES;
			};
			name = Release;
		};
		978F90AF1F271EF9002624BE /* Debug */ = {
			isa = XCBuildConfiguration;
			baseConfigurationReference = 6C459D136A2B0A2D329AB93E /* Pods-LiveProject.debug.xcconfig */;
			buildSettings = {
				ASSETCATALOG_COMPILER_APPICON_NAME = AppIcon;
				ASSETCATALOG_COMPILER_LAUNCHIMAGE_NAME = LaunchImage;
				DEVELOPMENT_TEAM = U34P9L9V3V;
				INFOPLIST_FILE = LiveProject/Info.plist;
				LD_RUNPATH_SEARCH_PATHS = "$(inherited) @executable_path/Frameworks";
				PRODUCT_BUNDLE_IDENTIFIER = com.walle.LiveProject;
				PRODUCT_NAME = "$(TARGET_NAME)";
				SWIFT_VERSION = 3.0;
			};
			name = Debug;
		};
		978F90B01F271EF9002624BE /* Release */ = {
			isa = XCBuildConfiguration;
			baseConfigurationReference = 41BC208B8661AFC62651B31A /* Pods-LiveProject.release.xcconfig */;
			buildSettings = {
				ASSETCATALOG_COMPILER_APPICON_NAME = AppIcon;
				ASSETCATALOG_COMPILER_LAUNCHIMAGE_NAME = LaunchImage;
				DEVELOPMENT_TEAM = U34P9L9V3V;
				INFOPLIST_FILE = LiveProject/Info.plist;
				LD_RUNPATH_SEARCH_PATHS = "$(inherited) @executable_path/Frameworks";
				PRODUCT_BUNDLE_IDENTIFIER = com.walle.LiveProject;
				PRODUCT_NAME = "$(TARGET_NAME)";
				SWIFT_VERSION = 3.0;
			};
			name = Release;
		};
/* End XCBuildConfiguration section */

/* Begin XCConfigurationList section */
		9747D0DF1F53C0FF009CFB21 /* Build configuration list for PBXNativeTarget "macSocket" */ = {
			isa = XCConfigurationList;
			buildConfigurations = (
				9747D0E01F53C0FF009CFB21 /* Debug */,
				9747D0E11F53C0FF009CFB21 /* Release */,
			);
			defaultConfigurationIsVisible = 0;
			defaultConfigurationName = Release;
		};
		9747D1281F53FF5B009CFB21 /* Build configuration list for PBXNativeTarget "clientSocket" */ = {
			isa = XCConfigurationList;
			buildConfigurations = (
				9747D1291F53FF5B009CFB21 /* Debug */,
				9747D12A1F53FF5B009CFB21 /* Release */,
			);
			defaultConfigurationIsVisible = 0;
			defaultConfigurationName = Release;
		};
		978F90971F271EF9002624BE /* Build configuration list for PBXProject "LiveProject" */ = {
			isa = XCConfigurationList;
			buildConfigurations = (
				978F90AC1F271EF9002624BE /* Debug */,
				978F90AD1F271EF9002624BE /* Release */,
			);
			defaultConfigurationIsVisible = 0;
			defaultConfigurationName = Release;
		};
		978F90AE1F271EF9002624BE /* Build configuration list for PBXNativeTarget "LiveProject" */ = {
			isa = XCConfigurationList;
			buildConfigurations = (
				978F90AF1F271EF9002624BE /* Debug */,
				978F90B01F271EF9002624BE /* Release */,
			);
			defaultConfigurationIsVisible = 0;
			defaultConfigurationName = Release;
		};
/* End XCConfigurationList section */
	};
	rootObject = 978F90941F271EF9002624BE /* Project object */;
}
