// !$*UTF8*$!
{
	archiveVersion = 1;
	classes = {
	};
	objectVersion = 46;
	objects = {

/* Begin PBXBuildFile section */
		8E07CB424B84476A34193FCC /* Pods_LiveProject.framework in Frameworks */ = {isa = PBXBuildFile; fileRef = 005E16C739F13FA2F6FCEB9F /* Pods_LiveProject.framework */; };
		971D3D9A1F2B380B0068A3F0 /* LJTabBarController.swift in Sources */ = {isa = PBXBuildFile; fileRef = 971D3D991F2B380B0068A3F0 /* LJTabBarController.swift */; };
		971D3D9E1F2B3D820068A3F0 /* LJHomeController.swift in Sources */ = {isa = PBXBuildFile; fileRef = 971D3D9D1F2B3D820068A3F0 /* LJHomeController.swift */; };
		971D3DA01F2B3D930068A3F0 /* LJRankController.swift in Sources */ = {isa = PBXBuildFile; fileRef = 971D3D9F1F2B3D930068A3F0 /* LJRankController.swift */; };
		971D3DA21F2B3DA30068A3F0 /* LJFoundController.swift in Sources */ = {isa = PBXBuildFile; fileRef = 971D3DA11F2B3DA30068A3F0 /* LJFoundController.swift */; };
		971D3DA41F2B3DC10068A3F0 /* LJMineController.swift in Sources */ = {isa = PBXBuildFile; fileRef = 971D3DA31F2B3DC10068A3F0 /* LJMineController.swift */; };
		972BD6F31F319FFD001C6172 /* LJNavigationCotroller.swift in Sources */ = {isa = PBXBuildFile; fileRef = 972BD6F21F319FFD001C6172 /* LJNavigationCotroller.swift */; };
		973CA7431F287AF3000DE48D /* UIColor-Extension.swift in Sources */ = {isa = PBXBuildFile; fileRef = 973CA7421F287AF3000DE48D /* UIColor-Extension.swift */; };
		978F90A01F271EF9002624BE /* AppDelegate.swift in Sources */ = {isa = PBXBuildFile; fileRef = 978F909F1F271EF9002624BE /* AppDelegate.swift */; };
		978F90A21F271EF9002624BE /* ViewController.swift in Sources */ = {isa = PBXBuildFile; fileRef = 978F90A11F271EF9002624BE /* ViewController.swift */; };
		978F90A51F271EF9002624BE /* Main.storyboard in Resources */ = {isa = PBXBuildFile; fileRef = 978F90A31F271EF9002624BE /* Main.storyboard */; };
		978F90A71F271EF9002624BE /* Assets.xcassets in Resources */ = {isa = PBXBuildFile; fileRef = 978F90A61F271EF9002624BE /* Assets.xcassets */; };
		978F90AA1F271EF9002624BE /* LaunchScreen.storyboard in Resources */ = {isa = PBXBuildFile; fileRef = 978F90A81F271EF9002624BE /* LaunchScreen.storyboard */; };
		978F90D41F27298E002624BE /* TestSwiftController.swift in Sources */ = {isa = PBXBuildFile; fileRef = 978F90D31F27298E002624BE /* TestSwiftController.swift */; };
		978F90D91F2732A8002624BE /* LJPageView.swift in Sources */ = {isa = PBXBuildFile; fileRef = 978F90D81F2732A8002624BE /* LJPageView.swift */; };
		978F90DD1F2732FA002624BE /* LJTitleView.swift in Sources */ = {isa = PBXBuildFile; fileRef = 978F90DC1F2732FA002624BE /* LJTitleView.swift */; };
		978F90DF1F273319002624BE /* LJContentView.swift in Sources */ = {isa = PBXBuildFile; fileRef = 978F90DE1F273319002624BE /* LJContentView.swift */; };
		978F90E11F273614002624BE /* LJPageStyle.swift in Sources */ = {isa = PBXBuildFile; fileRef = 978F90E01F273614002624BE /* LJPageStyle.swift */; };
		97E639AF1F2AE0F9007D34DF /* LJWaterFallLayout.swift in Sources */ = {isa = PBXBuildFile; fileRef = 97E639AE1F2AE0F9007D34DF /* LJWaterFallLayout.swift */; };
/* End PBXBuildFile section */

/* Begin PBXFileReference section */
		005E16C739F13FA2F6FCEB9F /* Pods_LiveProject.framework */ = {isa = PBXFileReference; explicitFileType = wrapper.framework; includeInIndex = 0; path = Pods_LiveProject.framework; sourceTree = BUILT_PRODUCTS_DIR; };
		41BC208B8661AFC62651B31A /* Pods-LiveProject.release.xcconfig */ = {isa = PBXFileReference; includeInIndex = 1; lastKnownFileType = text.xcconfig; name = "Pods-LiveProject.release.xcconfig"; path = "Pods/Target Support Files/Pods-LiveProject/Pods-LiveProject.release.xcconfig"; sourceTree = "<group>"; };
		6C459D136A2B0A2D329AB93E /* Pods-LiveProject.debug.xcconfig */ = {isa = PBXFileReference; includeInIndex = 1; lastKnownFileType = text.xcconfig; name = "Pods-LiveProject.debug.xcconfig"; path = "Pods/Target Support Files/Pods-LiveProject/Pods-LiveProject.debug.xcconfig"; sourceTree = "<group>"; };
		971D3D991F2B380B0068A3F0 /* LJTabBarController.swift */ = {isa = PBXFileReference; fileEncoding = 4; lastKnownFileType = sourcecode.swift; path = LJTabBarController.swift; sourceTree = "<group>"; };
		971D3D9D1F2B3D820068A3F0 /* LJHomeController.swift */ = {isa = PBXFileReference; fileEncoding = 4; lastKnownFileType = sourcecode.swift; path = LJHomeController.swift; sourceTree = "<group>"; };
		971D3D9F1F2B3D930068A3F0 /* LJRankController.swift */ = {isa = PBXFileReference; fileEncoding = 4; lastKnownFileType = sourcecode.swift; path = LJRankController.swift; sourceTree = "<group>"; };
		971D3DA11F2B3DA30068A3F0 /* LJFoundController.swift */ = {isa = PBXFileReference; fileEncoding = 4; lastKnownFileType = sourcecode.swift; path = LJFoundController.swift; sourceTree = "<group>"; };
		971D3DA31F2B3DC10068A3F0 /* LJMineController.swift */ = {isa = PBXFileReference; fileEncoding = 4; lastKnownFileType = sourcecode.swift; path = LJMineController.swift; sourceTree = "<group>"; };
		972BD6F21F319FFD001C6172 /* LJNavigationCotroller.swift */ = {isa = PBXFileReference; fileEncoding = 4; lastKnownFileType = sourcecode.swift; path = LJNavigationCotroller.swift; sourceTree = "<group>"; };
		973CA7421F287AF3000DE48D /* UIColor-Extension.swift */ = {isa = PBXFileReference; fileEncoding = 4; lastKnownFileType = sourcecode.swift; path = "UIColor-Extension.swift"; sourceTree = "<group>"; };
		978F909C1F271EF9002624BE /* LiveProject.app */ = {isa = PBXFileReference; explicitFileType = wrapper.application; includeInIndex = 0; path = LiveProject.app; sourceTree = BUILT_PRODUCTS_DIR; };
		978F909F1F271EF9002624BE /* AppDelegate.swift */ = {isa = PBXFileReference; lastKnownFileType = sourcecode.swift; path = AppDelegate.swift; sourceTree = "<group>"; };
		978F90A11F271EF9002624BE /* ViewController.swift */ = {isa = PBXFileReference; lastKnownFileType = sourcecode.swift; path = ViewController.swift; sourceTree = "<group>"; };
		978F90A41F271EF9002624BE /* Base */ = {isa = PBXFileReference; lastKnownFileType = file.storyboard; name = Base; path = Base.lproj/Main.storyboard; sourceTree = "<group>"; };
		978F90A61F271EF9002624BE /* Assets.xcassets */ = {isa = PBXFileReference; lastKnownFileType = folder.assetcatalog; path = Assets.xcassets; sourceTree = "<group>"; };
		978F90A91F271EF9002624BE /* Base */ = {isa = PBXFileReference; lastKnownFileType = file.storyboard; name = Base; path = Base.lproj/LaunchScreen.storyboard; sourceTree = "<group>"; };
		978F90AB1F271EF9002624BE /* Info.plist */ = {isa = PBXFileReference; lastKnownFileType = text.plist.xml; path = Info.plist; sourceTree = "<group>"; };
		978F90D31F27298E002624BE /* TestSwiftController.swift */ = {isa = PBXFileReference; fileEncoding = 4; lastKnownFileType = sourcecode.swift; path = TestSwiftController.swift; sourceTree = "<group>"; };
		978F90D81F2732A8002624BE /* LJPageView.swift */ = {isa = PBXFileReference; fileEncoding = 4; lastKnownFileType = sourcecode.swift; path = LJPageView.swift; sourceTree = "<group>"; };
		978F90DC1F2732FA002624BE /* LJTitleView.swift */ = {isa = PBXFileReference; fileEncoding = 4; lastKnownFileType = sourcecode.swift; path = LJTitleView.swift; sourceTree = "<group>"; };
		978F90DE1F273319002624BE /* LJContentView.swift */ = {isa = PBXFileReference; fileEncoding = 4; lastKnownFileType = sourcecode.swift; path = LJContentView.swift; sourceTree = "<group>"; };
		978F90E01F273614002624BE /* LJPageStyle.swift */ = {isa = PBXFileReference; fileEncoding = 4; lastKnownFileType = sourcecode.swift; path = LJPageStyle.swift; sourceTree = "<group>"; };
		97E639AE1F2AE0F9007D34DF /* LJWaterFallLayout.swift */ = {isa = PBXFileReference; fileEncoding = 4; lastKnownFileType = sourcecode.swift; path = LJWaterFallLayout.swift; sourceTree = "<group>"; };
/* End PBXFileReference section */

/* Begin PBXFrameworksBuildPhase section */
		978F90991F271EF9002624BE /* Frameworks */ = {
			isa = PBXFrameworksBuildPhase;
			buildActionMask = 2147483647;
			files = (
				8E07CB424B84476A34193FCC /* Pods_LiveProject.framework in Frameworks */,
			);
			runOnlyForDeploymentPostprocessing = 0;
		};
/* End PBXFrameworksBuildPhase section */

/* Begin PBXGroup section */
		193BD182C53D641D2E90F6B7 /* Frameworks */ = {
			isa = PBXGroup;
			children = (
				005E16C739F13FA2F6FCEB9F /* Pods_LiveProject.framework */,
			);
			name = Frameworks;
			sourceTree = "<group>";
		};
		978F90931F271EF8002624BE = {
			isa = PBXGroup;
			children = (
				978F909E1F271EF9002624BE /* LiveProject */,
				978F909D1F271EF9002624BE /* Products */,
				CE1B4FD012C4D167B329FC2C /* Pods */,
				193BD182C53D641D2E90F6B7 /* Frameworks */,
			);
			sourceTree = "<group>";
		};
		978F909D1F271EF9002624BE /* Products */ = {
			isa = PBXGroup;
			children = (
				978F909C1F271EF9002624BE /* LiveProject.app */,
			);
			name = Products;
			sourceTree = "<group>";
		};
		978F909E1F271EF9002624BE /* LiveProject */ = {
			isa = PBXGroup;
			children = (
				97E639AD1F2ADDB2007D34DF /* LJWaterFallView */,
				978F90D51F273250002624BE /* LJPageView */,
				978F909F1F271EF9002624BE /* AppDelegate.swift */,
				973CA7421F287AF3000DE48D /* UIColor-Extension.swift */,
				978F90A11F271EF9002624BE /* ViewController.swift */,
				971D3D991F2B380B0068A3F0 /* LJTabBarController.swift */,
				971D3D9D1F2B3D820068A3F0 /* LJHomeController.swift */,
				971D3D9F1F2B3D930068A3F0 /* LJRankController.swift */,
				971D3DA31F2B3DC10068A3F0 /* LJMineController.swift */,
				971D3DA11F2B3DA30068A3F0 /* LJFoundController.swift */,
				978F90D31F27298E002624BE /* TestSwiftController.swift */,
				972BD6F21F319FFD001C6172 /* LJNavigationCotroller.swift */,
				978F90A31F271EF9002624BE /* Main.storyboard */,
				978F90A61F271EF9002624BE /* Assets.xcassets */,
				978F90A81F271EF9002624BE /* LaunchScreen.storyboard */,
				978F90AB1F271EF9002624BE /* Info.plist */,
			);
			path = LiveProject;
			sourceTree = "<group>";
		};
		978F90D51F273250002624BE /* LJPageView */ = {
			isa = PBXGroup;
			children = (
				978F90D81F2732A8002624BE /* LJPageView.swift */,
				978F90DC1F2732FA002624BE /* LJTitleView.swift */,
				978F90DE1F273319002624BE /* LJContentView.swift */,
				978F90E01F273614002624BE /* LJPageStyle.swift */,
			);
			path = LJPageView;
			sourceTree = "<group>";
		};
		97E639AD1F2ADDB2007D34DF /* LJWaterFallView */ = {
			isa = PBXGroup;
			children = (
				97E639AE1F2AE0F9007D34DF /* LJWaterFallLayout.swift */,
			);
			path = LJWaterFallView;
			sourceTree = "<group>";
		};
		CE1B4FD012C4D167B329FC2C /* Pods */ = {
			isa = PBXGroup;
			children = (
				6C459D136A2B0A2D329AB93E /* Pods-LiveProject.debug.xcconfig */,
				41BC208B8661AFC62651B31A /* Pods-LiveProject.release.xcconfig */,
			);
			name = Pods;
			sourceTree = "<group>";
		};
/* End PBXGroup section */

/* Begin PBXNativeTarget section */
		978F909B1F271EF9002624BE /* LiveProject */ = {
			isa = PBXNativeTarget;
			buildConfigurationList = 978F90AE1F271EF9002624BE /* Build configuration list for PBXNativeTarget "LiveProject" */;
			buildPhases = (
				051D827CA7881883052AAC4A /* [CP] Check Pods Manifest.lock */,
				978F90981F271EF9002624BE /* Sources */,
				978F90991F271EF9002624BE /* Frameworks */,
				978F909A1F271EF9002624BE /* Resources */,
				3A477D136298DFFEB33AFBFD /* [CP] Embed Pods Frameworks */,
				39F8F612C63DAEB854907BEB /* [CP] Copy Pods Resources */,
			);
			buildRules = (
			);
			dependencies = (
			);
			name = LiveProject;
			productName = LiveProject;
			productReference = 978F909C1F271EF9002624BE /* LiveProject.app */;
			productType = "com.apple.product-type.application";
		};
/* End PBXNativeTarget section */

/* Begin PBXProject section */
		978F90941F271EF9002624BE /* Project object */ = {
			isa = PBXProject;
			attributes = {
				LastSwiftUpdateCheck = 0830;
				LastUpgradeCheck = 0830;
				ORGANIZATIONNAME = liang;
				TargetAttributes = {
					978F909B1F271EF9002624BE = {
						CreatedOnToolsVersion = 8.3.2;
						DevelopmentTeam = U34P9L9V3V;
						ProvisioningStyle = Automatic;
					};
				};
			};
			buildConfigurationList = 978F90971F271EF9002624BE /* Build configuration list for PBXProject "LiveProject" */;
			compatibilityVersion = "Xcode 3.2";
			developmentRegion = English;
			hasScannedForEncodings = 0;
			knownRegions = (
				en,
				Base,
			);
			mainGroup = 978F90931F271EF8002624BE;
			productRefGroup = 978F909D1F271EF9002624BE /* Products */;
			projectDirPath = "";
			projectRoot = "";
			targets = (
				978F909B1F271EF9002624BE /* LiveProject */,
			);
		};
/* End PBXProject section */

/* Begin PBXResourcesBuildPhase section */
		978F909A1F271EF9002624BE /* Resources */ = {
			isa = PBXResourcesBuildPhase;
			buildActionMask = 2147483647;
			files = (
				978F90AA1F271EF9002624BE /* LaunchScreen.storyboard in Resources */,
				978F90A71F271EF9002624BE /* Assets.xcassets in Resources */,
				978F90A51F271EF9002624BE /* Main.storyboard in Resources */,
			);
			runOnlyForDeploymentPostprocessing = 0;
		};
/* End PBXResourcesBuildPhase section */

/* Begin PBXShellScriptBuildPhase section */
		051D827CA7881883052AAC4A /* [CP] Check Pods Manifest.lock */ = {
			isa = PBXShellScriptBuildPhase;
			buildActionMask = 2147483647;
			files = (
			);
			inputPaths = (
			);
			name = "[CP] Check Pods Manifest.lock";
			outputPaths = (
			);
			runOnlyForDeploymentPostprocessing = 0;
			shellPath = /bin/sh;
			shellScript = "diff \"${PODS_PODFILE_DIR_PATH}/Podfile.lock\" \"${PODS_ROOT}/Manifest.lock\" > /dev/null\nif [ $? != 0 ] ; then\n    # print error to STDERR\n    echo \"error: The sandbox is not in sync with the Podfile.lock. Run 'pod install' or update your CocoaPods installation.\" >&2\n    exit 1\nfi\n";
			showEnvVarsInLog = 0;
		};
		39F8F612C63DAEB854907BEB /* [CP] Copy Pods Resources */ = {
			isa = PBXShellScriptBuildPhase;
			buildActionMask = 2147483647;
			files = (
			);
			inputPaths = (
			);
			name = "[CP] Copy Pods Resources";
			outputPaths = (
			);
			runOnlyForDeploymentPostprocessing = 0;
			shellPath = /bin/sh;
			shellScript = "\"${SRCROOT}/Pods/Target Support Files/Pods-LiveProject/Pods-LiveProject-resources.sh\"\n";
			showEnvVarsInLog = 0;
		};
		3A477D136298DFFEB33AFBFD /* [CP] Embed Pods Frameworks */ = {
			isa = PBXShellScriptBuildPhase;
			buildActionMask = 2147483647;
			files = (
			);
			inputPaths = (
			);
			name = "[CP] Embed Pods Frameworks";
			outputPaths = (
			);
			runOnlyForDeploymentPostprocessing = 0;
			shellPath = /bin/sh;
			shellScript = "\"${SRCROOT}/Pods/Target Support Files/Pods-LiveProject/Pods-LiveProject-frameworks.sh\"\n";
			showEnvVarsInLog = 0;
		};
/* End PBXShellScriptBuildPhase section */

/* Begin PBXSourcesBuildPhase section */
		978F90981F271EF9002624BE /* Sources */ = {
			isa = PBXSourcesBuildPhase;
			buildActionMask = 2147483647;
			files = (
				978F90D91F2732A8002624BE /* LJPageView.swift in Sources */,
				973CA7431F287AF3000DE48D /* UIColor-Extension.swift in Sources */,
				972BD6F31F319FFD001C6172 /* LJNavigationCotroller.swift in Sources */,
				978F90A21F271EF9002624BE /* ViewController.swift in Sources */,
				978F90E11F273614002624BE /* LJPageStyle.swift in Sources */,
				978F90DF1F273319002624BE /* LJContentView.swift in Sources */,
				971D3D9A1F2B380B0068A3F0 /* LJTabBarController.swift in Sources */,
				97E639AF1F2AE0F9007D34DF /* LJWaterFallLayout.swift in Sources */,
				971D3DA01F2B3D930068A3F0 /* LJRankController.swift in Sources */,
				971D3DA41F2B3DC10068A3F0 /* LJMineController.swift in Sources */,
				978F90DD1F2732FA002624BE /* LJTitleView.swift in Sources */,
				971D3D9E1F2B3D820068A3F0 /* LJHomeController.swift in Sources */,
				978F90A01F271EF9002624BE /* AppDelegate.swift in Sources */,
				978F90D41F27298E002624BE /* TestSwiftController.swift in Sources */,
				971D3DA21F2B3DA30068A3F0 /* LJFoundController.swift in Sources */,
			);
			runOnlyForDeploymentPostprocessing = 0;
		};
/* End PBXSourcesBuildPhase section */

/* Begin PBXVariantGroup section */
		978F90A31F271EF9002624BE /* Main.storyboard */ = {
			isa = PBXVariantGroup;
			children = (
				978F90A41F271EF9002624BE /* Base */,
			);
			name = Main.storyboard;
			sourceTree = "<group>";
		};
		978F90A81F271EF9002624BE /* LaunchScreen.storyboard */ = {
			isa = PBXVariantGroup;
			children = (
				978F90A91F271EF9002624BE /* Base */,
			);
			name = LaunchScreen.storyboard;
			sourceTree = "<group>";
		};
/* End PBXVariantGroup section */

/* Begin XCBuildConfiguration section */
		978F90AC1F271EF9002624BE /* Debug */ = {
			isa = XCBuildConfiguration;
			buildSettings = {
				ALWAYS_SEARCH_USER_PATHS = NO;
				CLANG_ANALYZER_NONNULL = YES;
				CLANG_ANALYZER_NUMBER_OBJECT_CONVERSION = YES_AGGRESSIVE;
				CLANG_CXX_LANGUAGE_STANDARD = "gnu++0x";
				CLANG_CXX_LIBRARY = "libc++";
				CLANG_ENABLE_MODULES = YES;
				CLANG_ENABLE_OBJC_ARC = YES;
				CLANG_WARN_BOOL_CONVERSION = YES;
				CLANG_WARN_CONSTANT_CONVERSION = YES;
				CLANG_WARN_DIRECT_OBJC_ISA_USAGE = YES_ERROR;
				CLANG_WARN_DOCUMENTATION_COMMENTS = YES;
				CLANG_WARN_EMPTY_BODY = YES;
				CLANG_WARN_ENUM_CONVERSION = YES;
				CLANG_WARN_INFINITE_RECURSION = YES;
				CLANG_WARN_INT_CONVERSION = YES;
				CLANG_WARN_OBJC_ROOT_CLASS = YES_ERROR;
				CLANG_WARN_SUSPICIOUS_MOVE = YES;
				CLANG_WARN_UNREACHABLE_CODE = YES;
				CLANG_WARN__DUPLICATE_METHOD_MATCH = YES;
				"CODE_SIGN_IDENTITY[sdk=iphoneos*]" = "iPhone Developer";
				COPY_PHASE_STRIP = NO;
				DEBUG_INFORMATION_FORMAT = dwarf;
				ENABLE_STRICT_OBJC_MSGSEND = YES;
				ENABLE_TESTABILITY = YES;
				GCC_C_LANGUAGE_STANDARD = gnu99;
				GCC_DYNAMIC_NO_PIC = NO;
				GCC_NO_COMMON_BLOCKS = YES;
				GCC_OPTIMIZATION_LEVEL = 0;
				GCC_PREPROCESSOR_DEFINITIONS = (
					"DEBUG=1",
					"$(inherited)",
				);
				GCC_WARN_64_TO_32_BIT_CONVERSION = YES;
				GCC_WARN_ABOUT_RETURN_TYPE = YES_ERROR;
				GCC_WARN_UNDECLARED_SELECTOR = YES;
				GCC_WARN_UNINITIALIZED_AUTOS = YES_AGGRESSIVE;
				GCC_WARN_UNUSED_FUNCTION = YES;
				GCC_WARN_UNUSED_VARIABLE = YES;
				IPHONEOS_DEPLOYMENT_TARGET = 10.3;
				MTL_ENABLE_DEBUG_INFO = YES;
				ONLY_ACTIVE_ARCH = YES;
				SDKROOT = iphoneos;
				SWIFT_ACTIVE_COMPILATION_CONDITIONS = DEBUG;
				SWIFT_OPTIMIZATION_LEVEL = "-Onone";
			};
			name = Debug;
		};
		978F90AD1F271EF9002624BE /* Release */ = {
			isa = XCBuildConfiguration;
			buildSettings = {
				ALWAYS_SEARCH_USER_PATHS = NO;
				CLANG_ANALYZER_NONNULL = YES;
				CLANG_ANALYZER_NUMBER_OBJECT_CONVERSION = YES_AGGRESSIVE;
				CLANG_CXX_LANGUAGE_STANDARD = "gnu++0x";
				CLANG_CXX_LIBRARY = "libc++";
				CLANG_ENABLE_MODULES = YES;
				CLANG_ENABLE_OBJC_ARC = YES;
				CLANG_WARN_BOOL_CONVERSION = YES;
				CLANG_WARN_CONSTANT_CONVERSION = YES;
				CLANG_WARN_DIRECT_OBJC_ISA_USAGE = YES_ERROR;
				CLANG_WARN_DOCUMENTATION_COMMENTS = YES;
				CLANG_WARN_EMPTY_BODY = YES;
				CLANG_WARN_ENUM_CONVERSION = YES;
				CLANG_WARN_INFINITE_RECURSION = YES;
				CLANG_WARN_INT_CONVERSION = YES;
				CLANG_WARN_OBJC_ROOT_CLASS = YES_ERROR;
				CLANG_WARN_SUSPICIOUS_MOVE = YES;
				CLANG_WARN_UNREACHABLE_CODE = YES;
				CLANG_WARN__DUPLICATE_METHOD_MATCH = YES;
				"CODE_SIGN_IDENTITY[sdk=iphoneos*]" = "iPhone Developer";
				COPY_PHASE_STRIP = NO;
				DEBUG_INFORMATION_FORMAT = "dwarf-with-dsym";
				ENABLE_NS_ASSERTIONS = NO;
				ENABLE_STRICT_OBJC_MSGSEND = YES;
				GCC_C_LANGUAGE_STANDARD = gnu99;
				GCC_NO_COMMON_BLOCKS = YES;
				GCC_WARN_64_TO_32_BIT_CONVERSION = YES;
				GCC_WARN_ABOUT_RETURN_TYPE = YES_ERROR;
				GCC_WARN_UNDECLARED_SELECTOR = YES;
				GCC_WARN_UNINITIALIZED_AUTOS = YES_AGGRESSIVE;
				GCC_WARN_UNUSED_FUNCTION = YES;
				GCC_WARN_UNUSED_VARIABLE = YES;
				IPHONEOS_DEPLOYMENT_TARGET = 10.3;
				MTL_ENABLE_DEBUG_INFO = NO;
				SDKROOT = iphoneos;
				SWIFT_OPTIMIZATION_LEVEL = "-Owholemodule";
				VALIDATE_PRODUCT = YES;
			};
			name = Release;
		};
		978F90AF1F271EF9002624BE /* Debug */ = {
			isa = XCBuildConfiguration;
			baseConfigurationReference = 6C459D136A2B0A2D329AB93E /* Pods-LiveProject.debug.xcconfig */;
			buildSettings = {
				ASSETCATALOG_COMPILER_APPICON_NAME = AppIcon;
				DEVELOPMENT_TEAM = U34P9L9V3V;
				INFOPLIST_FILE = LiveProject/Info.plist;
				LD_RUNPATH_SEARCH_PATHS = "$(inherited) @executable_path/Frameworks";
				PRODUCT_BUNDLE_IDENTIFIER = com.walle.LiveProject;
				PRODUCT_NAME = "$(TARGET_NAME)";
				SWIFT_VERSION = 3.0;
			};
			name = Debug;
		};
		978F90B01F271EF9002624BE /* Release */ = {
			isa = XCBuildConfiguration;
			baseConfigurationReference = 41BC208B8661AFC62651B31A /* Pods-LiveProject.release.xcconfig */;
			buildSettings = {
				ASSETCATALOG_COMPILER_APPICON_NAME = AppIcon;
				DEVELOPMENT_TEAM = U34P9L9V3V;
				INFOPLIST_FILE = LiveProject/Info.plist;
				LD_RUNPATH_SEARCH_PATHS = "$(inherited) @executable_path/Frameworks";
				PRODUCT_BUNDLE_IDENTIFIER = com.walle.LiveProject;
				PRODUCT_NAME = "$(TARGET_NAME)";
				SWIFT_VERSION = 3.0;
			};
			name = Release;
		};
/* End XCBuildConfiguration section */

/* Begin XCConfigurationList section */
		978F90971F271EF9002624BE /* Build configuration list for PBXProject "LiveProject" */ = {
			isa = XCConfigurationList;
			buildConfigurations = (
				978F90AC1F271EF9002624BE /* Debug */,
				978F90AD1F271EF9002624BE /* Release */,
			);
			defaultConfigurationIsVisible = 0;
			defaultConfigurationName = Release;
		};
		978F90AE1F271EF9002624BE /* Build configuration list for PBXNativeTarget "LiveProject" */ = {
			isa = XCConfigurationList;
			buildConfigurations = (
				978F90AF1F271EF9002624BE /* Debug */,
				978F90B01F271EF9002624BE /* Release */,
			);
			defaultConfigurationIsVisible = 0;
			defaultConfigurationName = Release;
		};
/* End XCConfigurationList section */
	};
	rootObject = 978F90941F271EF9002624BE /* Project object */;
}
